<?xml version="1.0" encoding="utf-8"?>
<Project ToolsVersion="4.0" xmlns="http://schemas.microsoft.com/developer/msbuild/2003">
  <ItemGroup>
    <Filter Include="Source Files">
      <UniqueIdentifier>{4FC737F1-C7A5-4376-A066-2A32D752A2FF}</UniqueIdentifier>
      <Extensions>cpp;c;cc;cxx;def;odl;idl;hpj;bat;asm;asmx</Extensions>
    </Filter>
    <Filter Include="Header Files">
      <UniqueIdentifier>{93995380-89BD-4b04-88EB-625FBE52EBFB}</UniqueIdentifier>
      <Extensions>h;hpp;hxx;hm;inl;inc;xsd</Extensions>
    </Filter>
    <Filter Include="Resource Files">
      <UniqueIdentifier>{67DA6AB6-F800-4c08-8B7A-83BB121AAD01}</UniqueIdentifier>
      <Extensions>rc;ico;cur;bmp;dlg;rc2;rct;bin;rgs;gif;jpg;jpeg;jpe;resx;tiff;tif;png;wav</Extensions>
    </Filter>
    <Filter Include="CharGenerator Files">
      <UniqueIdentifier>{a5146893-1a4d-495e-bfc6-e43f96eb3dc4}</UniqueIdentifier>
    </Filter>
    <Filter Include="GameMenu Files">
      <UniqueIdentifier>{ec2046f1-68c1-4fe2-992b-0234101b28a8}</UniqueIdentifier>
    </Filter>
  </ItemGroup>
  <ItemGroup>
    <ClCompile Include="stdafx.cpp">
      <Filter>Source Files</Filter>
    </ClCompile>
    <ClCompile Include="GameClientBase.cpp">
      <Filter>Source Files</Filter>
    </ClCompile>
    <ClCompile Include="MainGameLoop.cpp">
      <Filter>Source Files</Filter>
    </ClCompile>
    <ClCompile Include="Scene.cpp">
      <Filter>Source Files</Filter>
    </ClCompile>
    <ClCompile Include="OverviewController.cpp">
      <Filter>Source Files</Filter>
    </ClCompile>
    <ClCompile Include="KeyboardActionManager.cpp">
      <Filter>Source Files</Filter>
    </ClCompile>
    <ClCompile Include="DefaultActionKeyDefs.cpp">
      <Filter>Source Files</Filter>
    </ClCompile>
    <ClCompile Include="ThirdPersonViewController.cpp">
      <Filter>Source Files</Filter>
    </ClCompile>
    <ClCompile Include="UserInterfaceAudioManager.cpp">
      <Filter>Source Files</Filter>
    </ClCompile>
    <ClCompile Include="PreloadManager.cpp">
      <Filter>Source Files</Filter>
    </ClCompile>
    <ClCompile Include="LoadingScene.cpp">
      <Filter>Source Files</Filter>
    </ClCompile>
    <ClCompile Include="CharGenerator\Controller.cpp">
      <Filter>CharGenerator Files</Filter>
    </ClCompile>
    <ClCompile Include="CharGenerator\ViewModel.cpp">
      <Filter>CharGenerator Files</Filter>
    </ClCompile>
    <ClCompile Include="CharGenerator\View.cpp">
      <Filter>CharGenerator Files</Filter>
    </ClCompile>
    <ClCompile Include="GameMenu\MainPanel.cpp">
      <Filter>GameMenu Files</Filter>
    </ClCompile>
    <ClCompile Include="GameMenu\VideoPanel.cpp">
      <Filter>GameMenu Files</Filter>
    </ClCompile>
    <ClCompile Include="GameMenu\AudioPanel.cpp">
      <Filter>GameMenu Files</Filter>
    </ClCompile>
    <ClCompile Include="GameMenu\ControlsPanel.cpp">
      <Filter>GameMenu Files</Filter>
    </ClCompile>
    <ClCompile Include="GameMenu\CreditsPanel.cpp">
      <Filter>GameMenu Files</Filter>
    </ClCompile>
  </ItemGroup>
  <ItemGroup>
    <ClInclude Include="ClientLogic.hpp">
      <Filter>Header Files</Filter>
    </ClInclude>
    <ClInclude Include="stdafx.h">
      <Filter>Header Files</Filter>
    </ClInclude>
    <ClInclude Include="GameClientBase.hpp">
      <Filter>Header Files</Filter>
    </ClInclude>
    <ClInclude Include="ISceneManager.hpp">
      <Filter>Header Files</Filter>
    </ClInclude>
    <ClInclude Include="MainGameLoop.hpp">
      <Filter>Header Files</Filter>
    </ClInclude>
    <ClInclude Include="Scene.hpp">
      <Filter>Header Files</Filter>
    </ClInclude>
    <ClInclude Include="FrameCounter.hpp">
      <Filter>Header Files</Filter>
    </ClInclude>
    <ClInclude Include="IView.hpp">
      <Filter>Header Files</Filter>
    </ClInclude>
    <ClInclude Include="IViewController.hpp">
      <Filter>Header Files</Filter>
    </ClInclude>
    <ClInclude Include="OverviewController.hpp">
      <Filter>Header Files</Filter>
    </ClInclude>
    <ClInclude Include="KeyboardActionBindings.hpp">
      <Filter>Header Files</Filter>
    </ClInclude>
    <ClInclude Include="KeyboardActionManager.hpp">
      <Filter>Header Files</Filter>
    </ClInclude>
    <ClInclude Include="DefaultActionKeyDefs.hpp">
      <Filter>Header Files</Filter>
    </ClInclude>
    <ClInclude Include="ThirdPersonViewController.hpp">
      <Filter>Header Files</Filter>
    </ClInclude>
    <ClInclude Include="IPlayerViewModel.hpp">
      <Filter>Header Files</Filter>
    </ClInclude>
    <ClInclude Include="UserInterfaceAudioManager.hpp">
      <Filter>Header Files</Filter>
    </ClInclude>
    <ClInclude Include="LoadingScene.hpp">
      <Filter>Header Files</Filter>
    </ClInclude>
    <ClInclude Include="PreloadManager.hpp">
      <Filter>Header Files</Filter>
    </ClInclude>
    <ClInclude Include="CharGenerator\Controller.hpp">
      <Filter>CharGenerator Files</Filter>
    </ClInclude>
    <ClInclude Include="CharGenerator\ViewModel.hpp">
      <Filter>CharGenerator Files</Filter>
    </ClInclude>
    <ClInclude Include="CharGenerator\View.hpp">
      <Filter>CharGenerator Files</Filter>
    </ClInclude>
    <ClInclude Include="GameMenu\MainPanel.hpp">
      <Filter>GameMenu Files</Filter>
    </ClInclude>
    <ClInclude Include="GameMenu\VideoPanel.hpp">
      <Filter>GameMenu Files</Filter>
    </ClInclude>
    <ClInclude Include="GameMenu\ISubPanel.hpp">
      <Filter>GameMenu Files</Filter>
    </ClInclude>
    <ClInclude Include="GameMenu\AudioPanel.hpp">
      <Filter>GameMenu Files</Filter>
    </ClInclude>
    <ClInclude Include="GameMenu\ControlsPanel.hpp">
      <Filter>GameMenu Files</Filter>
    </ClInclude>
    <ClInclude Include="GameMenu\CreditsPanel.hpp">
      <Filter>GameMenu Files</Filter>
    </ClInclude>
  </ItemGroup>
  <ItemGroup>
    <ResourceCompile Include="versioninfo.rc">
      <Filter>Resource Files</Filter>
    </ResourceCompile>
  </ItemGroup>
  <ItemGroup>
    <None Include="packages.config" />
  </ItemGroup>
</Project>