<?xml version="1.0" encoding="utf-8"?>
<Project ToolsVersion="4.0" xmlns="http://schemas.microsoft.com/developer/msbuild/2003">
  <ItemGroup>
    <Filter Include="Source Files">
      <UniqueIdentifier>{4FC737F1-C7A5-4376-A066-2A32D752A2FF}</UniqueIdentifier>
      <Extensions>cpp;c;cc;cxx;def;odl;idl;hpj;bat;asm;asmx</Extensions>
    </Filter>
    <Filter Include="Header Files">
      <UniqueIdentifier>{93995380-89BD-4b04-88EB-625FBE52EBFB}</UniqueIdentifier>
      <Extensions>h;hpp;hxx;hm;inl;inc;xsd</Extensions>
    </Filter>
    <Filter Include="Resource Files">
      <UniqueIdentifier>{67DA6AB6-F800-4c08-8B7A-83BB121AAD01}</UniqueIdentifier>
      <Extensions>rc;ico;cur;bmp;dlg;rc2;rct;bin;rgs;gif;jpg;jpeg;jpe;resx;tiff;tif;png;wav;mfcribbon-ms</Extensions>
    </Filter>
    <Filter Include="Tested Files">
      <UniqueIdentifier>{dfdc4904-a10a-4582-9839-44b9c9bfa990}</UniqueIdentifier>
    </Filter>
  </ItemGroup>
  <ItemGroup>
    <ClInclude Include="stdafx.h">
      <Filter>Header Files</Filter>
    </ClInclude>
    <ClInclude Include="..\Model\IslandShape.hpp">
      <Filter>Tested Files</Filter>
    </ClInclude>
    <ClInclude Include="..\Model\PerlinNoise.hpp">
      <Filter>Tested Files</Filter>
    </ClInclude>
    <ClInclude Include="..\Model\PolygonGraph.hpp">
      <Filter>Tested Files</Filter>
    </ClInclude>
    <ClInclude Include="..\Model\SimplexNoise.hpp">
      <Filter>Tested Files</Filter>
    </ClInclude>
    <ClInclude Include="..\Model\SVGOutput.hpp">
      <Filter>Tested Files</Filter>
    </ClInclude>
    <ClInclude Include="..\Model\Voronoi.hpp">
      <Filter>Tested Files</Filter>
    </ClInclude>
    <ClInclude Include="..\Model\Voronoi2.hpp">
      <Filter>Tested Files</Filter>
    </ClInclude>
    <ClInclude Include="..\Model\WorldGenerator.hpp">
      <Filter>Tested Files</Filter>
    </ClInclude>
  </ItemGroup>
  <ItemGroup>
    <ClCompile Include="stdafx.cpp">
      <Filter>Source Files</Filter>
    </ClCompile>
    <ClCompile Include="TestPerlinNoise.cpp">
      <Filter>Source Files</Filter>
    </ClCompile>
    <ClCompile Include="TestVoronoi.cpp">
      <Filter>Source Files</Filter>
    </ClCompile>
    <ClCompile Include="TestWorldGenerator.cpp">
      <Filter>Source Files</Filter>
    </ClCompile>
    <ClCompile Include="..\Model\PerlinNoise.cpp">
      <Filter>Tested Files</Filter>
    </ClCompile>
    <ClCompile Include="..\Model\PolygonGraph.cpp">
      <Filter>Tested Files</Filter>
    </ClCompile>
    <ClCompile Include="..\Model\SimplexNoise.cpp">
      <Filter>Tested Files</Filter>
    </ClCompile>
    <ClCompile Include="..\Model\Voronoi.cpp">
      <Filter>Tested Files</Filter>
    </ClCompile>
    <ClCompile Include="..\Model\Voronoi2.cpp">
      <Filter>Tested Files</Filter>
    </ClCompile>
    <ClCompile Include="..\Model\WorldGenerator.cpp">
      <Filter>Tested Files</Filter>
    </ClCompile>
  </ItemGroup>
  <ItemGroup>
    <None Include="packages.config" />
  </ItemGroup>
</Project>