<?xml version="1.0" encoding="utf-8"?>
<Project ToolsVersion="4.0" xmlns="http://schemas.microsoft.com/developer/msbuild/2003">
  <ItemGroup>
    <Filter Include="Source Files">
      <UniqueIdentifier>{4FC737F1-C7A5-4376-A066-2A32D752A2FF}</UniqueIdentifier>
      <Extensions>cpp;c;cc;cxx;def;odl;idl;hpj;bat;asm;asmx</Extensions>
    </Filter>
    <Filter Include="Header Files">
      <UniqueIdentifier>{93995380-89BD-4b04-88EB-625FBE52EBFB}</UniqueIdentifier>
      <Extensions>h;hpp;hxx;hm;inl;inc;xsd</Extensions>
    </Filter>
    <Filter Include="Resource Files">
      <UniqueIdentifier>{67DA6AB6-F800-4c08-8B7A-83BB121AAD01}</UniqueIdentifier>
      <Extensions>rc;ico;cur;bmp;dlg;rc2;rct;bin;rgs;gif;jpg;jpeg;jpe;resx;tiff;tif;png;wav</Extensions>
    </Filter>
    <Filter Include="ImageReader Files">
      <UniqueIdentifier>{2e1acc78-a05b-4c2a-a7e2-5fc09326eff2}</UniqueIdentifier>
    </Filter>
  </ItemGroup>
  <ItemGroup>
    <ClCompile Include="Bitmap.cpp">
      <Filter>Source Files</Filter>
    </ClCompile>
    <ClCompile Include="BitmapImageWriter.cpp">
      <Filter>Source Files</Filter>
    </ClCompile>
    <ClCompile Include="OpenGL.cpp">
      <Filter>Source Files</Filter>
    </ClCompile>
    <ClCompile Include="stdafx.cpp">
      <Filter>Source Files</Filter>
    </ClCompile>
    <ClCompile Include="Texture.cpp">
      <Filter>Source Files</Filter>
    </ClCompile>
    <ClCompile Include="OrthoCamera.cpp">
      <Filter>Source Files</Filter>
    </ClCompile>
    <ClCompile Include="PerspectiveCamera.cpp">
      <Filter>Source Files</Filter>
    </ClCompile>
    <ClCompile Include="RenderWindow.cpp">
      <Filter>Source Files</Filter>
    </ClCompile>
    <ClCompile Include="ViewFrustum3d.cpp">
      <Filter>Source Files</Filter>
    </ClCompile>
    <ClCompile Include="LogDiagnostics.cpp">
      <Filter>Source Files</Filter>
    </ClCompile>
    <ClCompile Include="RangedAppendOnlyIndexBuffer.cpp">
      <Filter>Source Files</Filter>
    </ClCompile>
    <ClCompile Include="VertexBufferObject.cpp">
      <Filter>Source Files</Filter>
    </ClCompile>
    <ClCompile Include="RenderEngine.cpp">
      <Filter>Source Files</Filter>
    </ClCompile>
    <ClCompile Include="Checkerboard.cpp">
      <Filter>Source Files</Filter>
    </ClCompile>
    <ClCompile Include="GraphicsTaskManager.cpp">
      <Filter>Source Files</Filter>
    </ClCompile>
    <ClCompile Include="ImageReader\JpegImageReader.cpp">
      <Filter>ImageReader Files</Filter>
    </ClCompile>
    <ClCompile Include="ImageReader\PcxImageReader.cpp">
      <Filter>ImageReader Files</Filter>
    </ClCompile>
    <ClCompile Include="ImageReader\PNG.cpp">
      <Filter>ImageReader Files</Filter>
    </ClCompile>
    <ClCompile Include="ImageReader\PngImageReader.cpp">
      <Filter>ImageReader Files</Filter>
    </ClCompile>
    <ClCompile Include="ImageReader\TgaImageReader.cpp">
      <Filter>ImageReader Files</Filter>
    </ClCompile>
    <ClCompile Include="RenderContainer.cpp">
      <Filter>Source Files</Filter>
    </ClCompile>
    <ClCompile Include="NamedTextureMap.cpp">
      <Filter>Source Files</Filter>
    </ClCompile>
    <ClCompile Include="TextureLoader.cpp">
      <Filter>Source Files</Filter>
    </ClCompile>
    <ClCompile Include="MilkyWaySkyboxRenderer.cpp">
      <Filter>Source Files</Filter>
    </ClCompile>
    <ClCompile Include="SkyRenderManager.cpp">
      <Filter>Source Files</Filter>
    </ClCompile>
    <ClCompile Include="BillboardMatrix.cpp">
      <Filter>Source Files</Filter>
    </ClCompile>
    <ClCompile Include="LightingManager.cpp">
      <Filter>Source Files</Filter>
    </ClCompile>
    <ClCompile Include="FrameBuffer.cpp">
      <Filter>Source Files</Filter>
    </ClCompile>
    <ClCompile Include="ViewFrustum2d.cpp">
      <Filter>Source Files</Filter>
    </ClCompile>
  </ItemGroup>
  <ItemGroup>
    <ClInclude Include="Bitmap.hpp">
      <Filter>Header Files</Filter>
    </ClInclude>
    <ClInclude Include="BitmapImageWriter.hpp">
      <Filter>Header Files</Filter>
    </ClInclude>
    <ClInclude Include="OpenGL.hpp">
      <Filter>Header Files</Filter>
    </ClInclude>
    <ClInclude Include="RenderEngineCommon.hpp">
      <Filter>Header Files</Filter>
    </ClInclude>
    <ClInclude Include="stdafx.h">
      <Filter>Header Files</Filter>
    </ClInclude>
    <ClInclude Include="TexCoord2f.hpp">
      <Filter>Header Files</Filter>
    </ClInclude>
    <ClInclude Include="Texture.hpp">
      <Filter>Header Files</Filter>
    </ClInclude>
    <ClInclude Include="ICamera.hpp">
      <Filter>Header Files</Filter>
    </ClInclude>
    <ClInclude Include="IRenderable.hpp">
      <Filter>Header Files</Filter>
    </ClInclude>
    <ClInclude Include="IScenegraph.hpp">
      <Filter>Header Files</Filter>
    </ClInclude>
    <ClInclude Include="OrthoCamera.hpp">
      <Filter>Header Files</Filter>
    </ClInclude>
    <ClInclude Include="PerspectiveCamera.hpp">
      <Filter>Header Files</Filter>
    </ClInclude>
    <ClInclude Include="RenderOptions.hpp">
      <Filter>Header Files</Filter>
    </ClInclude>
    <ClInclude Include="TextureParameter.hpp">
      <Filter>Header Files</Filter>
    </ClInclude>
    <ClInclude Include="RenderWindow.hpp">
      <Filter>Header Files</Filter>
    </ClInclude>
    <ClInclude Include="ViewFrustum3d.hpp">
      <Filter>Header Files</Filter>
    </ClInclude>
    <ClInclude Include="RangedAppendOnlyIndexBuffer.hpp">
      <Filter>Header Files</Filter>
    </ClInclude>
    <ClInclude Include="TexturedVertexBuffer.hpp">
      <Filter>Header Files</Filter>
    </ClInclude>
    <ClInclude Include="VertexBufferObject.hpp">
      <Filter>Header Files</Filter>
    </ClInclude>
    <ClInclude Include="RenderEngine.hpp">
      <Filter>Header Files</Filter>
    </ClInclude>
    <ClInclude Include="Checkerboard.hpp">
      <Filter>Header Files</Filter>
    </ClInclude>
    <ClInclude Include="StaticIndexBuffer.hpp">
      <Filter>Header Files</Filter>
    </ClInclude>
    <ClInclude Include="GraphicsTaskManager.hpp">
      <Filter>Header Files</Filter>
    </ClInclude>
    <ClInclude Include="ImageReader\JpegDecoder.hpp">
      <Filter>ImageReader Files</Filter>
    </ClInclude>
    <ClInclude Include="ImageReader\JpegImageReader.hpp">
      <Filter>ImageReader Files</Filter>
    </ClInclude>
    <ClInclude Include="ImageReader\JpegSourceManager.hpp">
      <Filter>ImageReader Files</Filter>
    </ClInclude>
    <ClInclude Include="ImageReader\PcxImageReader.hpp">
      <Filter>ImageReader Files</Filter>
    </ClInclude>
    <ClInclude Include="ImageReader\PNG.hpp">
      <Filter>ImageReader Files</Filter>
    </ClInclude>
    <ClInclude Include="ImageReader\PngImageReader.hpp">
      <Filter>ImageReader Files</Filter>
    </ClInclude>
    <ClInclude Include="ImageReader\TgaImageReader.hpp">
      <Filter>ImageReader Files</Filter>
    </ClInclude>
    <ClInclude Include="IImageReader.hpp">
      <Filter>ImageReader Files</Filter>
    </ClInclude>
    <ClInclude Include="RenderContainer.hpp">
      <Filter>Header Files</Filter>
    </ClInclude>
    <ClInclude Include="NamedTextureMap.hpp">
      <Filter>Header Files</Filter>
    </ClInclude>
    <ClInclude Include="TextureLoader.hpp">
      <Filter>Header Files</Filter>
    </ClInclude>
    <ClInclude Include="MilkyWaySkyboxRenderer.hpp">
      <Filter>Header Files</Filter>
    </ClInclude>
    <ClInclude Include="SkyRenderManager.hpp">
      <Filter>Header Files</Filter>
    </ClInclude>
    <ClInclude Include="BillboardMatrix.hpp">
      <Filter>Header Files</Filter>
    </ClInclude>
    <ClInclude Include="DisplayList.hpp">
      <Filter>Header Files</Filter>
    </ClInclude>
    <ClInclude Include="LightingManager.hpp">
      <Filter>Header Files</Filter>
    </ClInclude>
    <ClInclude Include="FrameBuffer.hpp">
      <Filter>Header Files</Filter>
    </ClInclude>
    <ClInclude Include="ViewFrustum2d.hpp">
      <Filter>Header Files</Filter>
    </ClInclude>
  </ItemGroup>
  <ItemGroup>
    <ResourceCompile Include="versioninfo.rc">
      <Filter>Resource Files</Filter>
    </ResourceCompile>
  </ItemGroup>
  <ItemGroup>
    <None Include="packages.config" />
  </ItemGroup>
</Project>