<?xml version="1.0" encoding="utf-8"?>
<Project ToolsVersion="4.0" xmlns="http://schemas.microsoft.com/developer/msbuild/2003">
  <ItemGroup>
    <Filter Include="GameLogic Files">
      <UniqueIdentifier>{95f8fb06-319b-4e29-939c-239e69325649}</UniqueIdentifier>
    </Filter>
    <Filter Include="GameLogic Files\Header Files">
      <UniqueIdentifier>{eafa0b1a-c826-43f3-a817-b410a7e6d6e5}</UniqueIdentifier>
    </Filter>
    <Filter Include="GameLogic Files\Source Files">
      <UniqueIdentifier>{1a89688d-da72-41ef-a52d-b33b12ade638}</UniqueIdentifier>
    </Filter>
    <Filter Include="UwBase Files">
      <UniqueIdentifier>{a2388fb6-006b-4efc-8356-3f5d9da23797}</UniqueIdentifier>
    </Filter>
  </ItemGroup>
  <ItemGroup>
    <ClCompile Include="GameLogic\ConvGlobals.cpp">
      <Filter>GameLogic Files\Source Files</Filter>
    </ClCompile>
    <ClCompile Include="GameLogic\Inventory.cpp">
      <Filter>GameLogic Files\Source Files</Filter>
    </ClCompile>
    <ClCompile Include="GameLogic\LevelList.cpp">
      <Filter>GameLogic Files\Source Files</Filter>
    </ClCompile>
    <ClCompile Include="GameLogic\Object.cpp">
      <Filter>GameLogic Files\Source Files</Filter>
    </ClCompile>
    <ClCompile Include="GameLogic\ObjectList.cpp">
      <Filter>GameLogic Files\Source Files</Filter>
    </ClCompile>
    <ClCompile Include="GameLogic\Player.cpp">
      <Filter>GameLogic Files\Source Files</Filter>
    </ClCompile>
    <ClCompile Include="GameLogic\QuestFlags.cpp">
      <Filter>GameLogic Files\Source Files</Filter>
    </ClCompile>
    <ClCompile Include="GameLogic\Runes.cpp">
      <Filter>GameLogic Files\Source Files</Filter>
    </ClCompile>
    <ClCompile Include="GameLogic\Tilemap.cpp">
      <Filter>GameLogic Files\Source Files</Filter>
    </ClCompile>
    <ClCompile Include="GameLogic\Underworld.cpp">
      <Filter>GameLogic Files\Source Files</Filter>
    </ClCompile>
    <ClCompile Include="GameLogic\MapNotes.cpp">
      <Filter>GameLogic Files\Source Files</Filter>
    </ClCompile>
    <ClCompile Include="GameStrings.cpp" />
    <ClCompile Include="LevelGeometry.cpp" />
  </ItemGroup>
  <ItemGroup>
    <ClInclude Include="GameLogic\ConvGlobals.hpp">
      <Filter>GameLogic Files\Header Files</Filter>
    </ClInclude>
    <ClInclude Include="GameLogic\Inventory.hpp">
      <Filter>GameLogic Files\Header Files</Filter>
    </ClInclude>
    <ClInclude Include="GameLogic\Level.hpp">
      <Filter>GameLogic Files\Header Files</Filter>
    </ClInclude>
    <ClInclude Include="GameLogic\LevelList.hpp">
      <Filter>GameLogic Files\Header Files</Filter>
    </ClInclude>
    <ClInclude Include="GameLogic\Object.hpp">
      <Filter>GameLogic Files\Header Files</Filter>
    </ClInclude>
    <ClInclude Include="GameLogic\ObjectList.hpp">
      <Filter>GameLogic Files\Header Files</Filter>
    </ClInclude>
    <ClInclude Include="GameLogic\Player.hpp">
      <Filter>GameLogic Files\Header Files</Filter>
    </ClInclude>
    <ClInclude Include="GameLogic\Properties.hpp">
      <Filter>GameLogic Files\Header Files</Filter>
    </ClInclude>
    <ClInclude Include="GameLogic\QuestFlags.hpp">
      <Filter>GameLogic Files\Header Files</Filter>
    </ClInclude>
    <ClInclude Include="GameLogic\Runes.hpp">
      <Filter>GameLogic Files\Header Files</Filter>
    </ClInclude>
    <ClInclude Include="GameLogic\Tilemap.hpp">
      <Filter>GameLogic Files\Header Files</Filter>
    </ClInclude>
    <ClInclude Include="GameLogic\Underworld.hpp">
      <Filter>GameLogic Files\Header Files</Filter>
    </ClInclude>
    <ClInclude Include="GameLogic\MapNotes.hpp">
      <Filter>GameLogic Files\Header Files</Filter>
    </ClInclude>
    <ClInclude Include="Constants.hpp" />
    <ClInclude Include="GameStrings.hpp" />
    <ClInclude Include="LevelGeometry.hpp" />
    <ClInclude Include="UwBase.hpp" />
    <ClInclude Include="UwBase\Savegame.hpp" />
  </ItemGroup>
</Project>