
Microsoft Visual Studio Solution File, Format Version 12.00
# Visual Studio 15
VisualStudioVersion = 15.0.28307.271
MinimumVisualStudioVersion = 10.0.40219.1
Project("{8BC9CEB8-8B4A-11D0-8D11-00A0C91BC942}") = "Thirdparty", "Thirdparty\Thirdparty.vcxproj", "{CB79C2AD-60D6-45FE-BA99-6038A2184197}"
EndProject
Project("{8BC9CEB8-8B4A-11D0-8D11-00A0C91BC942}") = "Base", "Shared\Base\Base.vcxproj", "{D0B07058-A7FB-4BDF-9054-68BAA9BF7E03}"
	ProjectSection(ProjectDependencies) = postProject
		{CB79C2AD-60D6-45FE-BA99-6038A2184197} = {CB79C2AD-60D6-45FE-BA99-6038A2184197}
	EndProjectSection
EndProject
Project("{8BC9CEB8-8B4A-11D0-8D11-00A0C91BC942}") = "Common", "Shared\Common\Common.vcxproj", "{54254FF9-AE31-4207-B98F-FB49BFE857A6}"
EndProject
Project("{8BC9CEB8-8B4A-11D0-8D11-00A0C91BC942}") = "Audio", "Client\Audio\Audio.vcxproj", "{7CBD4454-1736-4C34-8813-F64C38F7C9A6}"
	ProjectSection(ProjectDependencies) = postProject
		{9C39DDD4-5F0A-48AF-ABAB-9ACF79E45730} = {9C39DDD4-5F0A-48AF-ABAB-9ACF79E45730}
	EndProjectSection
EndProject
Project("{8BC9CEB8-8B4A-11D0-8D11-00A0C91BC942}") = "jsoncpp", "Thirdparty\jsoncpp\src\lib_json\lib_json.vcxproj", "{9C39DDD4-5F0A-48AF-ABAB-9ACF79E45730}"
EndProject
Project("{8BC9CEB8-8B4A-11D0-8D11-00A0C91BC942}") = "RenderEngine", "Client\RenderEngine\RenderEngine.vcxproj", "{F5C4AED3-7358-4EF7-B835-DE45155CF0A5}"
EndProject
Project("{8BC9CEB8-8B4A-11D0-8D11-00A0C91BC942}") = "UserInterface", "Client\UserInterface\UserInterface.vcxproj", "{B6EA8BAE-E9FE-4087-8C25-5D3C7A977C50}"
EndProject
Project("{8BC9CEB8-8B4A-11D0-8D11-00A0C91BC942}") = "ClientLogic", "Client\ClientLogic\ClientLogic.vcxproj", "{CA2D1198-7966-4521-9128-6C28C556714C}"
	ProjectSection(ProjectDependencies) = postProject
		{B6EA8BAE-E9FE-4087-8C25-5D3C7A977C50} = {B6EA8BAE-E9FE-4087-8C25-5D3C7A977C50}
	EndProjectSection
EndProject
Project("{8BC9CEB8-8B4A-11D0-8D11-00A0C91BC942}") = "Network", "Shared\Network\Network.vcxproj", "{83311FA4-5BB5-422A-A5B3-4D6B82884E8F}"
	ProjectSection(ProjectDependencies) = postProject
		{F52FE1AD-B5D1-4A8E-B9BA-D94966F5529D} = {F52FE1AD-B5D1-4A8E-B9BA-D94966F5529D}
		{54254FF9-AE31-4207-B98F-FB49BFE857A6} = {54254FF9-AE31-4207-B98F-FB49BFE857A6}
	EndProjectSection
EndProject
Project("{8BC9CEB8-8B4A-11D0-8D11-00A0C91BC942}") = "World", "Server\World\World.vcxproj", "{77EA7307-3F93-4B26-90FC-C5528EC21CD4}"
EndProject
Project("{8BC9CEB8-8B4A-11D0-8D11-00A0C91BC942}") = "jpeg-8d", "Thirdparty\jpeg-8d\jpeg-8d.vcxproj", "{5B37D937-D0F7-47BE-97F7-DEF2DBA4970A}"
EndProject
Project("{8BC9CEB8-8B4A-11D0-8D11-00A0C91BC942}") = "Arena", "Client\Arena\Arena.vcxproj", "{DBCBD43C-E143-4233-BBCF-9E8BA2445CE2}"
	ProjectSection(ProjectDependencies) = postProject
		{B7737583-1A2D-4F99-9CF8-335132391CBC} = {B7737583-1A2D-4F99-9CF8-335132391CBC}
	EndProjectSection
EndProject
Project("{8BC9CEB8-8B4A-11D0-8D11-00A0C91BC942}") = "Model3D", "Client\Model3D\Model3D.vcxproj", "{35419D0D-BAE7-4AFD-A6A5-EA597E0A0DCD}"
EndProject
Project("{8BC9CEB8-8B4A-11D0-8D11-00A0C91BC942}") = "SRP", "Shared\SRP\SRP.vcxproj", "{F52FE1AD-B5D1-4A8E-B9BA-D94966F5529D}"
EndProject
Project("{2150E333-8FDC-42A3-9474-1A3956D46DE8}") = "Client Projects", "Client Projects", "{AD0412FC-FCCC-4E31-A0D4-C067A7AFF05C}"
EndProject
Project("{2150E333-8FDC-42A3-9474-1A3956D46DE8}") = "Shared Projects", "Shared Projects", "{DB0D226E-3C28-409D-A5D8-0831FD7C1B58}"
EndProject
Project("{2150E333-8FDC-42A3-9474-1A3956D46DE8}") = "Server Projects", "Server Projects", "{D35E348F-B863-4399-822C-53982E91ECD5}"
EndProject
Project("{2150E333-8FDC-42A3-9474-1A3956D46DE8}") = "Thirdparty Projects", "Thirdparty Projects", "{4E04FD4B-1F05-4CFA-BACD-BF39FE5BDBB4}"
EndProject
Project("{2150E333-8FDC-42A3-9474-1A3956D46DE8}") = "Data Projects", "Data Projects", "{A10CFA99-3CF8-4B2C-89EA-02A3E72E1949}"
EndProject
Project("{8BC9CEB8-8B4A-11D0-8D11-00A0C91BC942}") = "ClientData", "Data\Client\ClientData.vcxproj", "{B7737583-1A2D-4F99-9CF8-335132391CBC}"
EndProject
Global
	GlobalSection(SolutionConfigurationPlatforms) = preSolution
		Debug|Win32 = Debug|Win32
		Debug|x64 = Debug|x64
		Release|Win32 = Release|Win32
		Release|x64 = Release|x64
	EndGlobalSection
	GlobalSection(ProjectConfigurationPlatforms) = postSolution
		{CB79C2AD-60D6-45FE-BA99-6038A2184197}.Debug|Win32.ActiveCfg = Debug|Win32
		{CB79C2AD-60D6-45FE-BA99-6038A2184197}.Debug|Win32.Build.0 = Debug|Win32
		{CB79C2AD-60D6-45FE-BA99-6038A2184197}.Debug|x64.ActiveCfg = Debug|Win32
		{CB79C2AD-60D6-45FE-BA99-6038A2184197}.Release|Win32.ActiveCfg = Release|Win32
		{CB79C2AD-60D6-45FE-BA99-6038A2184197}.Release|Win32.Build.0 = Release|Win32
		{CB79C2AD-60D6-45FE-BA99-6038A2184197}.Release|x64.ActiveCfg = Release|Win32
		{D0B07058-A7FB-4BDF-9054-68BAA9BF7E03}.Debug|Win32.ActiveCfg = Debug|Win32
		{D0B07058-A7FB-4BDF-9054-68BAA9BF7E03}.Debug|Win32.Build.0 = Debug|Win32
		{D0B07058-A7FB-4BDF-9054-68BAA9BF7E03}.Debug|x64.ActiveCfg = Debug|Win32
		{D0B07058-A7FB-4BDF-9054-68BAA9BF7E03}.Release|Win32.ActiveCfg = Release|Win32
		{D0B07058-A7FB-4BDF-9054-68BAA9BF7E03}.Release|Win32.Build.0 = Release|Win32
		{D0B07058-A7FB-4BDF-9054-68BAA9BF7E03}.Release|x64.ActiveCfg = Release|Win32
		{54254FF9-AE31-4207-B98F-FB49BFE857A6}.Debug|Win32.ActiveCfg = Debug|Win32
		{54254FF9-AE31-4207-B98F-FB49BFE857A6}.Debug|Win32.Build.0 = Debug|Win32
		{54254FF9-AE31-4207-B98F-FB49BFE857A6}.Debug|x64.ActiveCfg = Debug|Win32
		{54254FF9-AE31-4207-B98F-FB49BFE857A6}.Release|Win32.ActiveCfg = Release|Win32
		{54254FF9-AE31-4207-B98F-FB49BFE857A6}.Release|Win32.Build.0 = Release|Win32
		{54254FF9-AE31-4207-B98F-FB49BFE857A6}.Release|x64.ActiveCfg = Release|Win32
		{7CBD4454-1736-4C34-8813-F64C38F7C9A6}.Debug|Win32.ActiveCfg = Debug|Win32
		{7CBD4454-1736-4C34-8813-F64C38F7C9A6}.Debug|Win32.Build.0 = Debug|Win32
		{7CBD4454-1736-4C34-8813-F64C38F7C9A6}.Debug|x64.ActiveCfg = Debug|Win32
		{7CBD4454-1736-4C34-8813-F64C38F7C9A6}.Release|Win32.ActiveCfg = Release|Win32
		{7CBD4454-1736-4C34-8813-F64C38F7C9A6}.Release|Win32.Build.0 = Release|Win32
		{7CBD4454-1736-4C34-8813-F64C38F7C9A6}.Release|x64.ActiveCfg = Release|Win32
		{9C39DDD4-5F0A-48AF-ABAB-9ACF79E45730}.Debug|Win32.ActiveCfg = Debug|Win32
		{9C39DDD4-5F0A-48AF-ABAB-9ACF79E45730}.Debug|Win32.Build.0 = Debug|Win32
		{9C39DDD4-5F0A-48AF-ABAB-9ACF79E45730}.Debug|x64.ActiveCfg = Debug|Win32
		{9C39DDD4-5F0A-48AF-ABAB-9ACF79E45730}.Release|Win32.ActiveCfg = Release|Win32
		{9C39DDD4-5F0A-48AF-ABAB-9ACF79E45730}.Release|Win32.Build.0 = Release|Win32
		{9C39DDD4-5F0A-48AF-ABAB-9ACF79E45730}.Release|x64.ActiveCfg = Release|Win32
		{F5C4AED3-7358-4EF7-B835-DE45155CF0A5}.Debug|Win32.ActiveCfg = Debug|Win32
		{F5C4AED3-7358-4EF7-B835-DE45155CF0A5}.Debug|Win32.Build.0 = Debug|Win32
		{F5C4AED3-7358-4EF7-B835-DE45155CF0A5}.Debug|x64.ActiveCfg = Debug|Win32
		{F5C4AED3-7358-4EF7-B835-DE45155CF0A5}.Release|Win32.ActiveCfg = Release|Win32
		{F5C4AED3-7358-4EF7-B835-DE45155CF0A5}.Release|Win32.Build.0 = Release|Win32
		{F5C4AED3-7358-4EF7-B835-DE45155CF0A5}.Release|x64.ActiveCfg = Release|Win32
		{B6EA8BAE-E9FE-4087-8C25-5D3C7A977C50}.Debug|Win32.ActiveCfg = Debug|Win32
		{B6EA8BAE-E9FE-4087-8C25-5D3C7A977C50}.Debug|Win32.Build.0 = Debug|Win32
		{B6EA8BAE-E9FE-4087-8C25-5D3C7A977C50}.Debug|x64.ActiveCfg = Debug|Win32
		{B6EA8BAE-E9FE-4087-8C25-5D3C7A977C50}.Release|Win32.ActiveCfg = Release|Win32
		{B6EA8BAE-E9FE-4087-8C25-5D3C7A977C50}.Release|Win32.Build.0 = Release|Win32
		{B6EA8BAE-E9FE-4087-8C25-5D3C7A977C50}.Release|x64.ActiveCfg = Release|Win32
		{CA2D1198-7966-4521-9128-6C28C556714C}.Debug|Win32.ActiveCfg = Debug|Win32
		{CA2D1198-7966-4521-9128-6C28C556714C}.Debug|Win32.Build.0 = Debug|Win32
		{CA2D1198-7966-4521-9128-6C28C556714C}.Debug|x64.ActiveCfg = Debug|Win32
		{CA2D1198-7966-4521-9128-6C28C556714C}.Release|Win32.ActiveCfg = Release|Win32
		{CA2D1198-7966-4521-9128-6C28C556714C}.Release|Win32.Build.0 = Release|Win32
		{CA2D1198-7966-4521-9128-6C28C556714C}.Release|x64.ActiveCfg = Release|Win32
		{83311FA4-5BB5-422A-A5B3-4D6B82884E8F}.Debug|Win32.ActiveCfg = Debug|Win32
		{83311FA4-5BB5-422A-A5B3-4D6B82884E8F}.Debug|Win32.Build.0 = Debug|Win32
		{83311FA4-5BB5-422A-A5B3-4D6B82884E8F}.Debug|x64.ActiveCfg = Debug|Win32
		{83311FA4-5BB5-422A-A5B3-4D6B82884E8F}.Release|Win32.ActiveCfg = Release|Win32
		{83311FA4-5BB5-422A-A5B3-4D6B82884E8F}.Release|Win32.Build.0 = Release|Win32
		{83311FA4-5BB5-422A-A5B3-4D6B82884E8F}.Release|x64.ActiveCfg = Release|Win32
		{77EA7307-3F93-4B26-90FC-C5528EC21CD4}.Debug|Win32.ActiveCfg = Debug|Win32
		{77EA7307-3F93-4B26-90FC-C5528EC21CD4}.Debug|Win32.Build.0 = Debug|Win32
		{77EA7307-3F93-4B26-90FC-C5528EC21CD4}.Debug|x64.ActiveCfg = Debug|Win32
		{77EA7307-3F93-4B26-90FC-C5528EC21CD4}.Release|Win32.ActiveCfg = Release|Win32
		{77EA7307-3F93-4B26-90FC-C5528EC21CD4}.Release|Win32.Build.0 = Release|Win32
		{77EA7307-3F93-4B26-90FC-C5528EC21CD4}.Release|x64.ActiveCfg = Release|Win32
		{5B37D937-D0F7-47BE-97F7-DEF2DBA4970A}.Debug|Win32.ActiveCfg = Debug|Win32
		{5B37D937-D0F7-47BE-97F7-DEF2DBA4970A}.Debug|Win32.Build.0 = Debug|Win32
		{5B37D937-D0F7-47BE-97F7-DEF2DBA4970A}.Debug|x64.ActiveCfg = Debug|Win32
		{5B37D937-D0F7-47BE-97F7-DEF2DBA4970A}.Release|Win32.ActiveCfg = Release|Win32
		{5B37D937-D0F7-47BE-97F7-DEF2DBA4970A}.Release|Win32.Build.0 = Release|Win32
		{5B37D937-D0F7-47BE-97F7-DEF2DBA4970A}.Release|x64.ActiveCfg = Release|Win32
		{DBCBD43C-E143-4233-BBCF-9E8BA2445CE2}.Debug|Win32.ActiveCfg = Debug|Win32
		{DBCBD43C-E143-4233-BBCF-9E8BA2445CE2}.Debug|Win32.Build.0 = Debug|Win32
		{DBCBD43C-E143-4233-BBCF-9E8BA2445CE2}.Debug|x64.ActiveCfg = Debug|Win32
		{DBCBD43C-E143-4233-BBCF-9E8BA2445CE2}.Release|Win32.ActiveCfg = Release|Win32
		{DBCBD43C-E143-4233-BBCF-9E8BA2445CE2}.Release|Win32.Build.0 = Release|Win32
		{DBCBD43C-E143-4233-BBCF-9E8BA2445CE2}.Release|x64.ActiveCfg = Release|Win32
		{35419D0D-BAE7-4AFD-A6A5-EA597E0A0DCD}.Debug|Win32.ActiveCfg = Debug|Win32
		{35419D0D-BAE7-4AFD-A6A5-EA597E0A0DCD}.Debug|Win32.Build.0 = Debug|Win32
		{35419D0D-BAE7-4AFD-A6A5-EA597E0A0DCD}.Debug|x64.ActiveCfg = Debug|Win32
		{35419D0D-BAE7-4AFD-A6A5-EA597E0A0DCD}.Release|Win32.ActiveCfg = Release|Win32
		{35419D0D-BAE7-4AFD-A6A5-EA597E0A0DCD}.Release|Win32.Build.0 = Release|Win32
		{35419D0D-BAE7-4AFD-A6A5-EA597E0A0DCD}.Release|x64.ActiveCfg = Release|Win32
		{F52FE1AD-B5D1-4A8E-B9BA-D94966F5529D}.Debug|Win32.ActiveCfg = Debug|Win32
		{F52FE1AD-B5D1-4A8E-B9BA-D94966F5529D}.Debug|Win32.Build.0 = Debug|Win32
		{F52FE1AD-B5D1-4A8E-B9BA-D94966F5529D}.Debug|x64.ActiveCfg = Debug|x64
		{F52FE1AD-B5D1-4A8E-B9BA-D94966F5529D}.Debug|x64.Build.0 = Debug|x64
		{F52FE1AD-B5D1-4A8E-B9BA-D94966F5529D}.Release|Win32.ActiveCfg = Release|Win32
		{F52FE1AD-B5D1-4A8E-B9BA-D94966F5529D}.Release|Win32.Build.0 = Release|Win32
		{F52FE1AD-B5D1-4A8E-B9BA-D94966F5529D}.Release|x64.ActiveCfg = Release|x64
		{F52FE1AD-B5D1-4A8E-B9BA-D94966F5529D}.Release|x64.Build.0 = Release|x64
		{B7737583-1A2D-4F99-9CF8-335132391CBC}.Debug|Win32.ActiveCfg = Debug|Win32
		{B7737583-1A2D-4F99-9CF8-335132391CBC}.Debug|Win32.Build.0 = Debug|Win32
		{B7737583-1A2D-4F99-9CF8-335132391CBC}.Debug|x64.ActiveCfg = Debug|Win32
		{B7737583-1A2D-4F99-9CF8-335132391CBC}.Release|Win32.ActiveCfg = Release|Win32
		{B7737583-1A2D-4F99-9CF8-335132391CBC}.Release|Win32.Build.0 = Release|Win32
		{B7737583-1A2D-4F99-9CF8-335132391CBC}.Release|x64.ActiveCfg = Release|Win32
	EndGlobalSection
	GlobalSection(SolutionProperties) = preSolution
		HideSolutionNode = FALSE
	EndGlobalSection
	GlobalSection(NestedProjects) = preSolution
		{CB79C2AD-60D6-45FE-BA99-6038A2184197} = {4E04FD4B-1F05-4CFA-BACD-BF39FE5BDBB4}
		{D0B07058-A7FB-4BDF-9054-68BAA9BF7E03} = {DB0D226E-3C28-409D-A5D8-0831FD7C1B58}
		{54254FF9-AE31-4207-B98F-FB49BFE857A6} = {DB0D226E-3C28-409D-A5D8-0831FD7C1B58}
		{7CBD4454-1736-4C34-8813-F64C38F7C9A6} = {AD0412FC-FCCC-4E31-A0D4-C067A7AFF05C}
		{9C39DDD4-5F0A-48AF-ABAB-9ACF79E45730} = {4E04FD4B-1F05-4CFA-BACD-BF39FE5BDBB4}
		{F5C4AED3-7358-4EF7-B835-DE45155CF0A5} = {AD0412FC-FCCC-4E31-A0D4-C067A7AFF05C}
		{B6EA8BAE-E9FE-4087-8C25-5D3C7A977C50} = {AD0412FC-FCCC-4E31-A0D4-C067A7AFF05C}
		{CA2D1198-7966-4521-9128-6C28C556714C} = {AD0412FC-FCCC-4E31-A0D4-C067A7AFF05C}
		{83311FA4-5BB5-422A-A5B3-4D6B82884E8F} = {DB0D226E-3C28-409D-A5D8-0831FD7C1B58}
		{77EA7307-3F93-4B26-90FC-C5528EC21CD4} = {D35E348F-B863-4399-822C-53982E91ECD5}
		{5B37D937-D0F7-47BE-97F7-DEF2DBA4970A} = {4E04FD4B-1F05-4CFA-BACD-BF39FE5BDBB4}
		{DBCBD43C-E143-4233-BBCF-9E8BA2445CE2} = {AD0412FC-FCCC-4E31-A0D4-C067A7AFF05C}
		{35419D0D-BAE7-4AFD-A6A5-EA597E0A0DCD} = {AD0412FC-FCCC-4E31-A0D4-C067A7AFF05C}
		{F52FE1AD-B5D1-4A8E-B9BA-D94966F5529D} = {DB0D226E-3C28-409D-A5D8-0831FD7C1B58}
		{B7737583-1A2D-4F99-9CF8-335132391CBC} = {A10CFA99-3CF8-4B2C-89EA-02A3E72E1949}
	EndGlobalSection
	GlobalSection(ExtensibilityGlobals) = postSolution
		SolutionGuid = {B592BAC1-E18D-4E03-ABBE-FE210A3EDE02}
	EndGlobalSection
EndGlobal
