
Microsoft Visual Studio Solution File, Format Version 12.00
# Visual Studio 15
VisualStudioVersion = 15.0.28307.271
MinimumVisualStudioVersion = 10.0.40219.1
Project("{8BC9CEB8-8B4A-11D0-8D11-00A0C91BC942}") = "Thirdparty", "Thirdparty\Thirdparty.vcxproj", "{CB79C2AD-60D6-45FE-BA99-6038A2184197}"
EndProject
Project("{8BC9CEB8-8B4A-11D0-8D11-00A0C91BC942}") = "Base", "Shared\Base\Base.vcxproj", "{D0B07058-A7FB-4BDF-9054-68BAA9BF7E03}"
	ProjectSection(ProjectDependencies) = postProject
		{CB79C2AD-60D6-45FE-BA99-6038A2184197} = {CB79C2AD-60D6-45FE-BA99-6038A2184197}
	EndProjectSection
EndProject
Project("{8BC9CEB8-8B4A-11D0-8D11-00A0C91BC942}") = "cppcheck", "Helper\cppcheck\cppcheck.vcxproj", "{190BDDB5-5CCA-4298-A7C8-758D72AF1D12}"
EndProject
Project("{8BC9CEB8-8B4A-11D0-8D11-00A0C91BC942}") = "doxygen", "Helper\doxygen\doxygen.vcxproj", "{C1E05BF2-1AA0-4EB7-98AD-AE5B44265122}"
EndProject
Project("{8BC9CEB8-8B4A-11D0-8D11-00A0C91BC942}") = "Common", "Shared\Common\Common.vcxproj", "{54254FF9-AE31-4207-B98F-FB49BFE857A6}"
EndProject
Project("{8BC9CEB8-8B4A-11D0-8D11-00A0C91BC942}") = "Audio", "Client\Audio\Audio.vcxproj", "{7CBD4454-1736-4C34-8813-F64C38F7C9A6}"
	ProjectSection(ProjectDependencies) = postProject
		{9C39DDD4-5F0A-48AF-ABAB-9ACF79E45730} = {9C39DDD4-5F0A-48AF-ABAB-9ACF79E45730}
	EndProjectSection
EndProject
Project("{8BC9CEB8-8B4A-11D0-8D11-00A0C91BC942}") = "jsoncpp", "Thirdparty\jsoncpp\src\lib_json\lib_json.vcxproj", "{9C39DDD4-5F0A-48AF-ABAB-9ACF79E45730}"
EndProject
Project("{8BC9CEB8-8B4A-11D0-8D11-00A0C91BC942}") = "AudioPlayer", "Client\Audio\AudioPlayer\AudioPlayer.vcxproj", "{927054AE-6131-43E2-A2AA-D34F7DAAACDA}"
	ProjectSection(ProjectDependencies) = postProject
		{7CBD4454-1736-4C34-8813-F64C38F7C9A6} = {7CBD4454-1736-4C34-8813-F64C38F7C9A6}
		{D0B07058-A7FB-4BDF-9054-68BAA9BF7E03} = {D0B07058-A7FB-4BDF-9054-68BAA9BF7E03}
	EndProjectSection
EndProject
Project("{8BC9CEB8-8B4A-11D0-8D11-00A0C91BC942}") = "ClientData", "Data\Client\ClientData.vcxproj", "{B7737583-1A2D-4F99-9CF8-335132391CBC}"
	ProjectSection(ProjectDependencies) = postProject
		{C21F9EA1-EF7F-4C03-A0CD-226D41C91877} = {C21F9EA1-EF7F-4C03-A0CD-226D41C91877}
	EndProjectSection
EndProject
Project("{FAE04EC0-301F-11D3-BF4B-00C04F79EFBC}") = "BuildData", "Tools\BuildData\BuildData.csproj", "{C21F9EA1-EF7F-4C03-A0CD-226D41C91877}"
EndProject
Project("{8BC9CEB8-8B4A-11D0-8D11-00A0C91BC942}") = "RenderEngine", "Client\RenderEngine\RenderEngine.vcxproj", "{F5C4AED3-7358-4EF7-B835-DE45155CF0A5}"
EndProject
Project("{8BC9CEB8-8B4A-11D0-8D11-00A0C91BC942}") = "UserInterface", "Client\UserInterface\UserInterface.vcxproj", "{B6EA8BAE-E9FE-4087-8C25-5D3C7A977C50}"
EndProject
Project("{8BC9CEB8-8B4A-11D0-8D11-00A0C91BC942}") = "ClientLogic", "Client\ClientLogic\ClientLogic.vcxproj", "{CA2D1198-7966-4521-9128-6C28C556714C}"
	ProjectSection(ProjectDependencies) = postProject
		{B6EA8BAE-E9FE-4087-8C25-5D3C7A977C50} = {B6EA8BAE-E9FE-4087-8C25-5D3C7A977C50}
	EndProjectSection
EndProject
Project("{8BC9CEB8-8B4A-11D0-8D11-00A0C91BC942}") = "Network", "Shared\Network\Network.vcxproj", "{83311FA4-5BB5-422A-A5B3-4D6B82884E8F}"
	ProjectSection(ProjectDependencies) = postProject
		{F52FE1AD-B5D1-4A8E-B9BA-D94966F5529D} = {F52FE1AD-B5D1-4A8E-B9BA-D94966F5529D}
		{54254FF9-AE31-4207-B98F-FB49BFE857A6} = {54254FF9-AE31-4207-B98F-FB49BFE857A6}
	EndProjectSection
EndProject
Project("{8BC9CEB8-8B4A-11D0-8D11-00A0C91BC942}") = "SRP", "Shared\SRP\SRP.vcxproj", "{F52FE1AD-B5D1-4A8E-B9BA-D94966F5529D}"
EndProject
Project("{8BC9CEB8-8B4A-11D0-8D11-00A0C91BC942}") = "ConsoleServer", "Server\ConsoleServer\ConsoleServer.vcxproj", "{D543E63C-CAEF-49D5-8401-8A788D7F55DE}"
EndProject
Project("{8BC9CEB8-8B4A-11D0-8D11-00A0C91BC942}") = "ServerLogic", "Server\ServerLogic\ServerLogic.vcxproj", "{5BC6F73D-84AC-46F5-B842-E0EE42B0E402}"
	ProjectSection(ProjectDependencies) = postProject
		{83311FA4-5BB5-422A-A5B3-4D6B82884E8F} = {83311FA4-5BB5-422A-A5B3-4D6B82884E8F}
	EndProjectSection
EndProject
Project("{8BC9CEB8-8B4A-11D0-8D11-00A0C91BC942}") = "ConsoleClient", "Client\ConsoleClient\ConsoleClient.vcxproj", "{C0879A42-E1AF-4DF8-B95B-508B746F009F}"
	ProjectSection(ProjectDependencies) = postProject
		{83311FA4-5BB5-422A-A5B3-4D6B82884E8F} = {83311FA4-5BB5-422A-A5B3-4D6B82884E8F}
	EndProjectSection
EndProject
Project("{8BC9CEB8-8B4A-11D0-8D11-00A0C91BC942}") = "World", "Server\World\World.vcxproj", "{77EA7307-3F93-4B26-90FC-C5528EC21CD4}"
EndProject
Project("{8BC9CEB8-8B4A-11D0-8D11-00A0C91BC942}") = "jpeg-8d", "Thirdparty\jpeg-8d\jpeg-8d.vcxproj", "{5B37D937-D0F7-47BE-97F7-DEF2DBA4970A}"
EndProject
Project("{8BC9CEB8-8B4A-11D0-8D11-00A0C91BC942}") = "Arena", "Client\Arena\Arena.vcxproj", "{DBCBD43C-E143-4233-BBCF-9E8BA2445CE2}"
EndProject
Project("{8BC9CEB8-8B4A-11D0-8D11-00A0C91BC942}") = "GameServer", "Server\GameServer\GameServer.vcxproj", "{B2D4C9E7-DE29-433A-89A6-039AC538EE21}"
EndProject
Project("{8BC9CEB8-8B4A-11D0-8D11-00A0C91BC942}") = "Model3D", "Client\Model3D\Model3D.vcxproj", "{35419D0D-BAE7-4AFD-A6A5-EA597E0A0DCD}"
EndProject
Project("{8BC9CEB8-8B4A-11D0-8D11-00A0C91BC942}") = "WorldBuilder", "Client\WorldBuilder\WorldBuilder.vcxproj", "{CF648FA4-C407-4171-B35E-6F6A72730E0C}"
EndProject
Project("{8BC9CEB8-8B4A-11D0-8D11-00A0C91BC942}") = "Terrain", "Shared\Terrain\Terrain.vcxproj", "{DBC08D35-5928-49F1-B212-8C1F2688CBA3}"
EndProject
Project("{8BC9CEB8-8B4A-11D0-8D11-00A0C91BC942}") = "TerrainViewer", "Client\TerrainViewer\TerrainViewer.vcxproj", "{E46C3A63-B0C3-4272-9903-A9F4390ED9A4}"
EndProject
Project("{FAE04EC0-301F-11D3-BF4B-00C04F79EFBC}") = "EncodeFile", "Tools\EncodeFile\EncodeFile.csproj", "{FA645202-913A-49B9-B30F-3D06AA056EBA}"
EndProject
Project("{8BC9CEB8-8B4A-11D0-8D11-00A0C91BC942}") = "GameClient", "Client\GameClient\GameClient.vcxproj", "{CC0D4603-DD72-4306-B8CF-2F7200C9DAC1}"
EndProject
Project("{8BC9CEB8-8B4A-11D0-8D11-00A0C91BC942}") = "Database", "Server\Database\Database.vcxproj", "{F03F428A-096F-47AE-82E1-565E6B7CFD49}"
EndProject
Project("{8BC9CEB8-8B4A-11D0-8D11-00A0C91BC942}") = "ModelViewer", "Client\ModelViewer\ModelViewer.vcxproj", "{39B04F05-65D4-49C2-8E8B-75A570FD667D}"
EndProject
Project("{2150E333-8FDC-42A3-9474-1A3956D46DE8}") = "Client Projects", "Client Projects", "{C99E175A-C7B2-4164-A440-82AE34E9B329}"
EndProject
Project("{2150E333-8FDC-42A3-9474-1A3956D46DE8}") = "Thirdparty Projects", "Thirdparty Projects", "{BE4385D7-38C4-455F-BCA0-4075A8F7553B}"
EndProject
Project("{2150E333-8FDC-42A3-9474-1A3956D46DE8}") = "Tools Projects", "Tools Projects", "{22125C62-AC28-4A1D-A4B2-3EE412505D26}"
EndProject
Project("{2150E333-8FDC-42A3-9474-1A3956D46DE8}") = "Shared Projects", "Shared Projects", "{EA429C12-EBED-498A-99EC-DEDF3737CD7C}"
EndProject
Project("{2150E333-8FDC-42A3-9474-1A3956D46DE8}") = "Server Projects", "Server Projects", "{A527F380-826E-4CCE-883E-6593D12456F5}"
EndProject
Project("{2150E333-8FDC-42A3-9474-1A3956D46DE8}") = "Helper Projects", "Helper Projects", "{AA1B9266-8285-49E1-BE34-9D1E5B7923F0}"
EndProject
Project("{8BC9CEB8-8B4A-11D0-8D11-00A0C91BC942}") = "ServerData", "Data\Server\ServerData.vcxproj", "{586159F3-851A-4560-BF2F-905BE5A87064}"
	ProjectSection(ProjectDependencies) = postProject
		{C21F9EA1-EF7F-4C03-A0CD-226D41C91877} = {C21F9EA1-EF7F-4C03-A0CD-226D41C91877}
	EndProjectSection
EndProject
Project("{2150E333-8FDC-42A3-9474-1A3956D46DE8}") = "Data Projects", "Data Projects", "{20F51BC6-1EEE-4341-AEED-DE91B824EB67}"
EndProject
Project("{930C7802-8A8C-48F9-8165-68863BCCD9DD}") = "ClientSetup", "Helper\Setup\ClientSetup.wixproj", "{E4B59CA0-14F7-446F-AE65-C7C9212B9C59}"
EndProject
Project("{930C7802-8A8C-48F9-8165-68863BCCD9DD}") = "ServerSetup", "Helper\Setup\ServerSetup.wixproj", "{179B6012-1B05-4857-AFA9-A63B7E333927}"
EndProject
Global
	GlobalSection(SolutionConfigurationPlatforms) = preSolution
		Debug|Win32 = Debug|Win32
		Release|Win32 = Release|Win32
	EndGlobalSection
	GlobalSection(ProjectConfigurationPlatforms) = postSolution
		{CB79C2AD-60D6-45FE-BA99-6038A2184197}.Debug|Win32.ActiveCfg = Debug|Win32
		{CB79C2AD-60D6-45FE-BA99-6038A2184197}.Debug|Win32.Build.0 = Debug|Win32
		{CB79C2AD-60D6-45FE-BA99-6038A2184197}.Release|Win32.ActiveCfg = Release|Win32
		{CB79C2AD-60D6-45FE-BA99-6038A2184197}.Release|Win32.Build.0 = Release|Win32
		{D0B07058-A7FB-4BDF-9054-68BAA9BF7E03}.Debug|Win32.ActiveCfg = Debug|Win32
		{D0B07058-A7FB-4BDF-9054-68BAA9BF7E03}.Debug|Win32.Build.0 = Debug|Win32
		{D0B07058-A7FB-4BDF-9054-68BAA9BF7E03}.Release|Win32.ActiveCfg = Release|Win32
		{D0B07058-A7FB-4BDF-9054-68BAA9BF7E03}.Release|Win32.Build.0 = Release|Win32
		{190BDDB5-5CCA-4298-A7C8-758D72AF1D12}.Debug|Win32.ActiveCfg = Debug|Win32
		{190BDDB5-5CCA-4298-A7C8-758D72AF1D12}.Debug|Win32.Build.0 = Debug|Win32
		{190BDDB5-5CCA-4298-A7C8-758D72AF1D12}.Release|Win32.ActiveCfg = Release|Win32
		{190BDDB5-5CCA-4298-A7C8-758D72AF1D12}.Release|Win32.Build.0 = Release|Win32
		{C1E05BF2-1AA0-4EB7-98AD-AE5B44265122}.Debug|Win32.ActiveCfg = Debug|Win32
		{C1E05BF2-1AA0-4EB7-98AD-AE5B44265122}.Debug|Win32.Build.0 = Debug|Win32
		{C1E05BF2-1AA0-4EB7-98AD-AE5B44265122}.Release|Win32.ActiveCfg = Release|Win32
		{C1E05BF2-1AA0-4EB7-98AD-AE5B44265122}.Release|Win32.Build.0 = Release|Win32
		{54254FF9-AE31-4207-B98F-FB49BFE857A6}.Debug|Win32.ActiveCfg = Debug|Win32
		{54254FF9-AE31-4207-B98F-FB49BFE857A6}.Debug|Win32.Build.0 = Debug|Win32
		{54254FF9-AE31-4207-B98F-FB49BFE857A6}.Release|Win32.ActiveCfg = Release|Win32
		{54254FF9-AE31-4207-B98F-FB49BFE857A6}.Release|Win32.Build.0 = Release|Win32
		{7CBD4454-1736-4C34-8813-F64C38F7C9A6}.Debug|Win32.ActiveCfg = Debug|Win32
		{7CBD4454-1736-4C34-8813-F64C38F7C9A6}.Debug|Win32.Build.0 = Debug|Win32
		{7CBD4454-1736-4C34-8813-F64C38F7C9A6}.Release|Win32.ActiveCfg = Release|Win32
		{7CBD4454-1736-4C34-8813-F64C38F7C9A6}.Release|Win32.Build.0 = Release|Win32
		{9C39DDD4-5F0A-48AF-ABAB-9ACF79E45730}.Debug|Win32.ActiveCfg = Debug|Win32
		{9C39DDD4-5F0A-48AF-ABAB-9ACF79E45730}.Debug|Win32.Build.0 = Debug|Win32
		{9C39DDD4-5F0A-48AF-ABAB-9ACF79E45730}.Release|Win32.ActiveCfg = Release|Win32
		{9C39DDD4-5F0A-48AF-ABAB-9ACF79E45730}.Release|Win32.Build.0 = Release|Win32
		{927054AE-6131-43E2-A2AA-D34F7DAAACDA}.Debug|Win32.ActiveCfg = Debug|Win32
		{927054AE-6131-43E2-A2AA-D34F7DAAACDA}.Debug|Win32.Build.0 = Debug|Win32
		{927054AE-6131-43E2-A2AA-D34F7DAAACDA}.Release|Win32.ActiveCfg = Release|Win32
		{927054AE-6131-43E2-A2AA-D34F7DAAACDA}.Release|Win32.Build.0 = Release|Win32
		{B7737583-1A2D-4F99-9CF8-335132391CBC}.Debug|Win32.ActiveCfg = Debug|Win32
		{B7737583-1A2D-4F99-9CF8-335132391CBC}.Debug|Win32.Build.0 = Debug|Win32
		{B7737583-1A2D-4F99-9CF8-335132391CBC}.Release|Win32.ActiveCfg = Release|Win32
		{B7737583-1A2D-4F99-9CF8-335132391CBC}.Release|Win32.Build.0 = Release|Win32
		{C21F9EA1-EF7F-4C03-A0CD-226D41C91877}.Debug|Win32.ActiveCfg = Debug|Any CPU
		{C21F9EA1-EF7F-4C03-A0CD-226D41C91877}.Debug|Win32.Build.0 = Debug|Any CPU
		{C21F9EA1-EF7F-4C03-A0CD-226D41C91877}.Release|Win32.ActiveCfg = Release|Any CPU
		{C21F9EA1-EF7F-4C03-A0CD-226D41C91877}.Release|Win32.Build.0 = Release|Any CPU
		{F5C4AED3-7358-4EF7-B835-DE45155CF0A5}.Debug|Win32.ActiveCfg = Debug|Win32
		{F5C4AED3-7358-4EF7-B835-DE45155CF0A5}.Debug|Win32.Build.0 = Debug|Win32
		{F5C4AED3-7358-4EF7-B835-DE45155CF0A5}.Release|Win32.ActiveCfg = Release|Win32
		{F5C4AED3-7358-4EF7-B835-DE45155CF0A5}.Release|Win32.Build.0 = Release|Win32
		{B6EA8BAE-E9FE-4087-8C25-5D3C7A977C50}.Debug|Win32.ActiveCfg = Debug|Win32
		{B6EA8BAE-E9FE-4087-8C25-5D3C7A977C50}.Debug|Win32.Build.0 = Debug|Win32
		{B6EA8BAE-E9FE-4087-8C25-5D3C7A977C50}.Release|Win32.ActiveCfg = Release|Win32
		{B6EA8BAE-E9FE-4087-8C25-5D3C7A977C50}.Release|Win32.Build.0 = Release|Win32
		{CA2D1198-7966-4521-9128-6C28C556714C}.Debug|Win32.ActiveCfg = Debug|Win32
		{CA2D1198-7966-4521-9128-6C28C556714C}.Debug|Win32.Build.0 = Debug|Win32
		{CA2D1198-7966-4521-9128-6C28C556714C}.Release|Win32.ActiveCfg = Release|Win32
		{CA2D1198-7966-4521-9128-6C28C556714C}.Release|Win32.Build.0 = Release|Win32
		{83311FA4-5BB5-422A-A5B3-4D6B82884E8F}.Debug|Win32.ActiveCfg = Debug|Win32
		{83311FA4-5BB5-422A-A5B3-4D6B82884E8F}.Debug|Win32.Build.0 = Debug|Win32
		{83311FA4-5BB5-422A-A5B3-4D6B82884E8F}.Release|Win32.ActiveCfg = Release|Win32
		{83311FA4-5BB5-422A-A5B3-4D6B82884E8F}.Release|Win32.Build.0 = Release|Win32
		{F52FE1AD-B5D1-4A8E-B9BA-D94966F5529D}.Debug|Win32.ActiveCfg = Debug|Win32
		{F52FE1AD-B5D1-4A8E-B9BA-D94966F5529D}.Debug|Win32.Build.0 = Debug|Win32
		{F52FE1AD-B5D1-4A8E-B9BA-D94966F5529D}.Release|Win32.ActiveCfg = Release|Win32
		{F52FE1AD-B5D1-4A8E-B9BA-D94966F5529D}.Release|Win32.Build.0 = Release|Win32
		{D543E63C-CAEF-49D5-8401-8A788D7F55DE}.Debug|Win32.ActiveCfg = Debug|Win32
		{D543E63C-CAEF-49D5-8401-8A788D7F55DE}.Debug|Win32.Build.0 = Debug|Win32
		{D543E63C-CAEF-49D5-8401-8A788D7F55DE}.Release|Win32.ActiveCfg = Release|Win32
		{D543E63C-CAEF-49D5-8401-8A788D7F55DE}.Release|Win32.Build.0 = Release|Win32
		{5BC6F73D-84AC-46F5-B842-E0EE42B0E402}.Debug|Win32.ActiveCfg = Debug|Win32
		{5BC6F73D-84AC-46F5-B842-E0EE42B0E402}.Debug|Win32.Build.0 = Debug|Win32
		{5BC6F73D-84AC-46F5-B842-E0EE42B0E402}.Release|Win32.ActiveCfg = Release|Win32
		{5BC6F73D-84AC-46F5-B842-E0EE42B0E402}.Release|Win32.Build.0 = Release|Win32
		{C0879A42-E1AF-4DF8-B95B-508B746F009F}.Debug|Win32.ActiveCfg = Debug|Win32
		{C0879A42-E1AF-4DF8-B95B-508B746F009F}.Debug|Win32.Build.0 = Debug|Win32
		{C0879A42-E1AF-4DF8-B95B-508B746F009F}.Release|Win32.ActiveCfg = Release|Win32
		{C0879A42-E1AF-4DF8-B95B-508B746F009F}.Release|Win32.Build.0 = Release|Win32
		{77EA7307-3F93-4B26-90FC-C5528EC21CD4}.Debug|Win32.ActiveCfg = Debug|Win32
		{77EA7307-3F93-4B26-90FC-C5528EC21CD4}.Debug|Win32.Build.0 = Debug|Win32
		{77EA7307-3F93-4B26-90FC-C5528EC21CD4}.Release|Win32.ActiveCfg = Release|Win32
		{77EA7307-3F93-4B26-90FC-C5528EC21CD4}.Release|Win32.Build.0 = Release|Win32
		{5B37D937-D0F7-47BE-97F7-DEF2DBA4970A}.Debug|Win32.ActiveCfg = Debug|Win32
		{5B37D937-D0F7-47BE-97F7-DEF2DBA4970A}.Debug|Win32.Build.0 = Debug|Win32
		{5B37D937-D0F7-47BE-97F7-DEF2DBA4970A}.Release|Win32.ActiveCfg = Release|Win32
		{5B37D937-D0F7-47BE-97F7-DEF2DBA4970A}.Release|Win32.Build.0 = Release|Win32
		{DBCBD43C-E143-4233-BBCF-9E8BA2445CE2}.Debug|Win32.ActiveCfg = Debug|Win32
		{DBCBD43C-E143-4233-BBCF-9E8BA2445CE2}.Debug|Win32.Build.0 = Debug|Win32
		{DBCBD43C-E143-4233-BBCF-9E8BA2445CE2}.Release|Win32.ActiveCfg = Release|Win32
		{DBCBD43C-E143-4233-BBCF-9E8BA2445CE2}.Release|Win32.Build.0 = Release|Win32
		{B2D4C9E7-DE29-433A-89A6-039AC538EE21}.Debug|Win32.ActiveCfg = Debug|Win32
		{B2D4C9E7-DE29-433A-89A6-039AC538EE21}.Debug|Win32.Build.0 = Debug|Win32
		{B2D4C9E7-DE29-433A-89A6-039AC538EE21}.Release|Win32.ActiveCfg = Release|Win32
		{B2D4C9E7-DE29-433A-89A6-039AC538EE21}.Release|Win32.Build.0 = Release|Win32
		{35419D0D-BAE7-4AFD-A6A5-EA597E0A0DCD}.Debug|Win32.ActiveCfg = Debug|Win32
		{35419D0D-BAE7-4AFD-A6A5-EA597E0A0DCD}.Debug|Win32.Build.0 = Debug|Win32
		{35419D0D-BAE7-4AFD-A6A5-EA597E0A0DCD}.Release|Win32.ActiveCfg = Release|Win32
		{35419D0D-BAE7-4AFD-A6A5-EA597E0A0DCD}.Release|Win32.Build.0 = Release|Win32
		{CF648FA4-C407-4171-B35E-6F6A72730E0C}.Debug|Win32.ActiveCfg = Debug|Win32
		{CF648FA4-C407-4171-B35E-6F6A72730E0C}.Debug|Win32.Build.0 = Debug|Win32
		{CF648FA4-C407-4171-B35E-6F6A72730E0C}.Release|Win32.ActiveCfg = Release|Win32
		{CF648FA4-C407-4171-B35E-6F6A72730E0C}.Release|Win32.Build.0 = Release|Win32
		{DBC08D35-5928-49F1-B212-8C1F2688CBA3}.Debug|Win32.ActiveCfg = Debug|Win32
		{DBC08D35-5928-49F1-B212-8C1F2688CBA3}.Debug|Win32.Build.0 = Debug|Win32
		{DBC08D35-5928-49F1-B212-8C1F2688CBA3}.Release|Win32.ActiveCfg = Release|Win32
		{DBC08D35-5928-49F1-B212-8C1F2688CBA3}.Release|Win32.Build.0 = Release|Win32
		{E46C3A63-B0C3-4272-9903-A9F4390ED9A4}.Debug|Win32.ActiveCfg = Debug|Win32
		{E46C3A63-B0C3-4272-9903-A9F4390ED9A4}.Debug|Win32.Build.0 = Debug|Win32
		{E46C3A63-B0C3-4272-9903-A9F4390ED9A4}.Release|Win32.ActiveCfg = Release|Win32
		{E46C3A63-B0C3-4272-9903-A9F4390ED9A4}.Release|Win32.Build.0 = Release|Win32
		{FA645202-913A-49B9-B30F-3D06AA056EBA}.Debug|Win32.ActiveCfg = Debug|Any CPU
		{FA645202-913A-49B9-B30F-3D06AA056EBA}.Debug|Win32.Build.0 = Debug|Any CPU
		{FA645202-913A-49B9-B30F-3D06AA056EBA}.Release|Win32.ActiveCfg = Release|Any CPU
		{FA645202-913A-49B9-B30F-3D06AA056EBA}.Release|Win32.Build.0 = Release|Any CPU
		{CC0D4603-DD72-4306-B8CF-2F7200C9DAC1}.Debug|Win32.ActiveCfg = Debug|Win32
		{CC0D4603-DD72-4306-B8CF-2F7200C9DAC1}.Debug|Win32.Build.0 = Debug|Win32
		{CC0D4603-DD72-4306-B8CF-2F7200C9DAC1}.Release|Win32.ActiveCfg = Release|Win32
		{CC0D4603-DD72-4306-B8CF-2F7200C9DAC1}.Release|Win32.Build.0 = Release|Win32
		{F03F428A-096F-47AE-82E1-565E6B7CFD49}.Debug|Win32.ActiveCfg = Debug|Win32
		{F03F428A-096F-47AE-82E1-565E6B7CFD49}.Debug|Win32.Build.0 = Debug|Win32
		{F03F428A-096F-47AE-82E1-565E6B7CFD49}.Release|Win32.ActiveCfg = Release|Win32
		{F03F428A-096F-47AE-82E1-565E6B7CFD49}.Release|Win32.Build.0 = Release|Win32
		{39B04F05-65D4-49C2-8E8B-75A570FD667D}.Debug|Win32.ActiveCfg = Debug|Win32
		{39B04F05-65D4-49C2-8E8B-75A570FD667D}.Debug|Win32.Build.0 = Debug|Win32
		{39B04F05-65D4-49C2-8E8B-75A570FD667D}.Release|Win32.ActiveCfg = Release|Win32
		{39B04F05-65D4-49C2-8E8B-75A570FD667D}.Release|Win32.Build.0 = Release|Win32
		{586159F3-851A-4560-BF2F-905BE5A87064}.Debug|Win32.ActiveCfg = Debug|Win32
		{586159F3-851A-4560-BF2F-905BE5A87064}.Debug|Win32.Build.0 = Debug|Win32
		{586159F3-851A-4560-BF2F-905BE5A87064}.Release|Win32.ActiveCfg = Release|Win32
		{586159F3-851A-4560-BF2F-905BE5A87064}.Release|Win32.Build.0 = Release|Win32
		{E4B59CA0-14F7-446F-AE65-C7C9212B9C59}.Debug|Win32.ActiveCfg = Debug|x86
		{E4B59CA0-14F7-446F-AE65-C7C9212B9C59}.Debug|Win32.Build.0 = Debug|x86
		{E4B59CA0-14F7-446F-AE65-C7C9212B9C59}.Release|Win32.ActiveCfg = Release|x86
		{E4B59CA0-14F7-446F-AE65-C7C9212B9C59}.Release|Win32.Build.0 = Release|x86
		{179B6012-1B05-4857-AFA9-A63B7E333927}.Debug|Win32.ActiveCfg = Debug|x86
		{179B6012-1B05-4857-AFA9-A63B7E333927}.Debug|Win32.Build.0 = Debug|x86
		{179B6012-1B05-4857-AFA9-A63B7E333927}.Release|Win32.ActiveCfg = Release|x86
		{179B6012-1B05-4857-AFA9-A63B7E333927}.Release|Win32.Build.0 = Release|x86
	EndGlobalSection
	GlobalSection(SolutionProperties) = preSolution
		HideSolutionNode = FALSE
	EndGlobalSection
	GlobalSection(NestedProjects) = preSolution
		{CB79C2AD-60D6-45FE-BA99-6038A2184197} = {BE4385D7-38C4-455F-BCA0-4075A8F7553B}
		{D0B07058-A7FB-4BDF-9054-68BAA9BF7E03} = {EA429C12-EBED-498A-99EC-DEDF3737CD7C}
		{190BDDB5-5CCA-4298-A7C8-758D72AF1D12} = {AA1B9266-8285-49E1-BE34-9D1E5B7923F0}
		{C1E05BF2-1AA0-4EB7-98AD-AE5B44265122} = {AA1B9266-8285-49E1-BE34-9D1E5B7923F0}
		{54254FF9-AE31-4207-B98F-FB49BFE857A6} = {EA429C12-EBED-498A-99EC-DEDF3737CD7C}
		{7CBD4454-1736-4C34-8813-F64C38F7C9A6} = {C99E175A-C7B2-4164-A440-82AE34E9B329}
		{9C39DDD4-5F0A-48AF-ABAB-9ACF79E45730} = {BE4385D7-38C4-455F-BCA0-4075A8F7553B}
		{927054AE-6131-43E2-A2AA-D34F7DAAACDA} = {C99E175A-C7B2-4164-A440-82AE34E9B329}
		{B7737583-1A2D-4F99-9CF8-335132391CBC} = {20F51BC6-1EEE-4341-AEED-DE91B824EB67}
		{C21F9EA1-EF7F-4C03-A0CD-226D41C91877} = {22125C62-AC28-4A1D-A4B2-3EE412505D26}
		{F5C4AED3-7358-4EF7-B835-DE45155CF0A5} = {C99E175A-C7B2-4164-A440-82AE34E9B329}
		{B6EA8BAE-E9FE-4087-8C25-5D3C7A977C50} = {C99E175A-C7B2-4164-A440-82AE34E9B329}
		{CA2D1198-7966-4521-9128-6C28C556714C} = {C99E175A-C7B2-4164-A440-82AE34E9B329}
		{83311FA4-5BB5-422A-A5B3-4D6B82884E8F} = {EA429C12-EBED-498A-99EC-DEDF3737CD7C}
		{F52FE1AD-B5D1-4A8E-B9BA-D94966F5529D} = {EA429C12-EBED-498A-99EC-DEDF3737CD7C}
		{D543E63C-CAEF-49D5-8401-8A788D7F55DE} = {A527F380-826E-4CCE-883E-6593D12456F5}
		{5BC6F73D-84AC-46F5-B842-E0EE42B0E402} = {A527F380-826E-4CCE-883E-6593D12456F5}
		{C0879A42-E1AF-4DF8-B95B-508B746F009F} = {C99E175A-C7B2-4164-A440-82AE34E9B329}
		{77EA7307-3F93-4B26-90FC-C5528EC21CD4} = {A527F380-826E-4CCE-883E-6593D12456F5}
		{5B37D937-D0F7-47BE-97F7-DEF2DBA4970A} = {BE4385D7-38C4-455F-BCA0-4075A8F7553B}
		{DBCBD43C-E143-4233-BBCF-9E8BA2445CE2} = {C99E175A-C7B2-4164-A440-82AE34E9B329}
		{B2D4C9E7-DE29-433A-89A6-039AC538EE21} = {A527F380-826E-4CCE-883E-6593D12456F5}
		{35419D0D-BAE7-4AFD-A6A5-EA597E0A0DCD} = {C99E175A-C7B2-4164-A440-82AE34E9B329}
		{CF648FA4-C407-4171-B35E-6F6A72730E0C} = {C99E175A-C7B2-4164-A440-82AE34E9B329}
		{DBC08D35-5928-49F1-B212-8C1F2688CBA3} = {EA429C12-EBED-498A-99EC-DEDF3737CD7C}
		{E46C3A63-B0C3-4272-9903-A9F4390ED9A4} = {C99E175A-C7B2-4164-A440-82AE34E9B329}
		{FA645202-913A-49B9-B30F-3D06AA056EBA} = {22125C62-AC28-4A1D-A4B2-3EE412505D26}
		{CC0D4603-DD72-4306-B8CF-2F7200C9DAC1} = {C99E175A-C7B2-4164-A440-82AE34E9B329}
		{F03F428A-096F-47AE-82E1-565E6B7CFD49} = {A527F380-826E-4CCE-883E-6593D12456F5}
		{39B04F05-65D4-49C2-8E8B-75A570FD667D} = {C99E175A-C7B2-4164-A440-82AE34E9B329}
		{586159F3-851A-4560-BF2F-905BE5A87064} = {20F51BC6-1EEE-4341-AEED-DE91B824EB67}
		{E4B59CA0-14F7-446F-AE65-C7C9212B9C59} = {AA1B9266-8285-49E1-BE34-9D1E5B7923F0}
		{179B6012-1B05-4857-AFA9-A63B7E333927} = {AA1B9266-8285-49E1-BE34-9D1E5B7923F0}
	EndGlobalSection
	GlobalSection(ExtensibilityGlobals) = postSolution
		SolutionGuid = {7E667AED-BA21-4669-9F57-D1CC426E4804}
	EndGlobalSection
EndGlobal
