
Microsoft Visual Studio Solution File, Format Version 12.00
# Visual Studio Express 2013 for Windows Desktop
VisualStudioVersion = 12.0.30110.0
MinimumVisualStudioVersion = 10.0.40219.1
Project("{8BC9CEB8-8B4A-11D0-8D11-00A0C91BC942}") = "ulib", "ulib\ulib.vcxproj", "{DAA1E880-4690-46C1-A9CB-C5C962F8C74C}"
	ProjectSection(ProjectDependencies) = postProject
		{CB79C2AD-60D6-45FE-BA99-6038A2184197} = {CB79C2AD-60D6-45FE-BA99-6038A2184197}
	EndProjectSection
EndProject
Project("{8BC9CEB8-8B4A-11D0-8D11-00A0C91BC942}") = "Thirdparty", "Thirdparty\Thirdparty.vcxproj", "{CB79C2AD-60D6-45FE-BA99-6038A2184197}"
EndProject
Project("{8BC9CEB8-8B4A-11D0-8D11-00A0C91BC942}") = "Base", "Base\Base.vcxproj", "{D0B07058-A7FB-4BDF-9054-68BAA9BF7E03}"
	ProjectSection(ProjectDependencies) = postProject
		{DAA1E880-4690-46C1-A9CB-C5C962F8C74C} = {DAA1E880-4690-46C1-A9CB-C5C962F8C74C}
		{CB79C2AD-60D6-45FE-BA99-6038A2184197} = {CB79C2AD-60D6-45FE-BA99-6038A2184197}
	EndProjectSection
EndProject
Project("{8BC9CEB8-8B4A-11D0-8D11-00A0C91BC942}") = "cppcheck", "cppcheck\cppcheck.vcxproj", "{190BDDB5-5CCA-4298-A7C8-758D72AF1D12}"
EndProject
Project("{8BC9CEB8-8B4A-11D0-8D11-00A0C91BC942}") = "doxygen", "doxygen\doxygen.vcxproj", "{C1E05BF2-1AA0-4EB7-98AD-AE5B44265122}"
EndProject
Project("{8BC9CEB8-8B4A-11D0-8D11-00A0C91BC942}") = "Common", "Common\Common.vcxproj", "{54254FF9-AE31-4207-B98F-FB49BFE857A6}"
EndProject
Project("{8BC9CEB8-8B4A-11D0-8D11-00A0C91BC942}") = "Audio", "Audio\Audio.vcxproj", "{7CBD4454-1736-4C34-8813-F64C38F7C9A6}"
	ProjectSection(ProjectDependencies) = postProject
		{DAA1E880-4690-46C1-A9CB-C5C962F8C74C} = {DAA1E880-4690-46C1-A9CB-C5C962F8C74C}
		{9C39DDD4-5F0A-48AF-ABAB-9ACF79E45730} = {9C39DDD4-5F0A-48AF-ABAB-9ACF79E45730}
	EndProjectSection
EndProject
Project("{8BC9CEB8-8B4A-11D0-8D11-00A0C91BC942}") = "jsoncpp", "Thirdparty\jsoncpp\src\lib_json\lib_json.vcxproj", "{9C39DDD4-5F0A-48AF-ABAB-9ACF79E45730}"
EndProject
Project("{8BC9CEB8-8B4A-11D0-8D11-00A0C91BC942}") = "AudioPlayer", "Audio\AudioPlayer\AudioPlayer.vcxproj", "{927054AE-6131-43E2-A2AA-D34F7DAAACDA}"
	ProjectSection(ProjectDependencies) = postProject
		{7CBD4454-1736-4C34-8813-F64C38F7C9A6} = {7CBD4454-1736-4C34-8813-F64C38F7C9A6}
		{D0B07058-A7FB-4BDF-9054-68BAA9BF7E03} = {D0B07058-A7FB-4BDF-9054-68BAA9BF7E03}
		{DAA1E880-4690-46C1-A9CB-C5C962F8C74C} = {DAA1E880-4690-46C1-A9CB-C5C962F8C74C}
	EndProjectSection
EndProject
Project("{8BC9CEB8-8B4A-11D0-8D11-00A0C91BC942}") = "data", "..\data\data.vcxproj", "{B7737583-1A2D-4F99-9CF8-335132391CBC}"
	ProjectSection(ProjectDependencies) = postProject
		{C21F9EA1-EF7F-4C03-A0CD-226D41C91877} = {C21F9EA1-EF7F-4C03-A0CD-226D41C91877}
	EndProjectSection
EndProject
Project("{FAE04EC0-301F-11D3-BF4B-00C04F79EFBC}") = "BuildData", "..\data\tools\BuildData\BuildData.csproj", "{C21F9EA1-EF7F-4C03-A0CD-226D41C91877}"
EndProject
Project("{8BC9CEB8-8B4A-11D0-8D11-00A0C91BC942}") = "RenderEngine", "RenderEngine\RenderEngine.vcxproj", "{F5C4AED3-7358-4EF7-B835-DE45155CF0A5}"
EndProject
Project("{8BC9CEB8-8B4A-11D0-8D11-00A0C91BC942}") = "UserInterface", "UserInterface\UserInterface.vcxproj", "{B6EA8BAE-E9FE-4087-8C25-5D3C7A977C50}"
	ProjectSection(ProjectDependencies) = postProject
		{DAA1E880-4690-46C1-A9CB-C5C962F8C74C} = {DAA1E880-4690-46C1-A9CB-C5C962F8C74C}
	EndProjectSection
EndProject
Project("{8BC9CEB8-8B4A-11D0-8D11-00A0C91BC942}") = "ClientLogic", "ClientLogic\ClientLogic.vcxproj", "{CA2D1198-7966-4521-9128-6C28C556714C}"
	ProjectSection(ProjectDependencies) = postProject
		{DAA1E880-4690-46C1-A9CB-C5C962F8C74C} = {DAA1E880-4690-46C1-A9CB-C5C962F8C74C}
		{B6EA8BAE-E9FE-4087-8C25-5D3C7A977C50} = {B6EA8BAE-E9FE-4087-8C25-5D3C7A977C50}
	EndProjectSection
EndProject
Project("{8BC9CEB8-8B4A-11D0-8D11-00A0C91BC942}") = "Network", "Network\Network.vcxproj", "{83311FA4-5BB5-422A-A5B3-4D6B82884E8F}"
	ProjectSection(ProjectDependencies) = postProject
		{F52FE1AD-B5D1-4A8E-B9BA-D94966F5529D} = {F52FE1AD-B5D1-4A8E-B9BA-D94966F5529D}
		{54254FF9-AE31-4207-B98F-FB49BFE857A6} = {54254FF9-AE31-4207-B98F-FB49BFE857A6}
	EndProjectSection
EndProject
Project("{8BC9CEB8-8B4A-11D0-8D11-00A0C91BC942}") = "SRP", "SRP\SRP.vcxproj", "{F52FE1AD-B5D1-4A8E-B9BA-D94966F5529D}"
EndProject
Project("{8BC9CEB8-8B4A-11D0-8D11-00A0C91BC942}") = "ConsoleServer", "ConsoleServer\ConsoleServer.vcxproj", "{D543E63C-CAEF-49D5-8401-8A788D7F55DE}"
EndProject
Project("{8BC9CEB8-8B4A-11D0-8D11-00A0C91BC942}") = "ServerLogic", "ServerLogic\ServerLogic.vcxproj", "{5BC6F73D-84AC-46F5-B842-E0EE42B0E402}"
	ProjectSection(ProjectDependencies) = postProject
		{83311FA4-5BB5-422A-A5B3-4D6B82884E8F} = {83311FA4-5BB5-422A-A5B3-4D6B82884E8F}
	EndProjectSection
EndProject
Project("{8BC9CEB8-8B4A-11D0-8D11-00A0C91BC942}") = "ConsoleClient", "ConsoleClient\ConsoleClient.vcxproj", "{C0879A42-E1AF-4DF8-B95B-508B746F009F}"
	ProjectSection(ProjectDependencies) = postProject
		{83311FA4-5BB5-422A-A5B3-4D6B82884E8F} = {83311FA4-5BB5-422A-A5B3-4D6B82884E8F}
	EndProjectSection
EndProject
Project("{8BC9CEB8-8B4A-11D0-8D11-00A0C91BC942}") = "World", "World\World.vcxproj", "{77EA7307-3F93-4B26-90FC-C5528EC21CD4}"
EndProject
Project("{8BC9CEB8-8B4A-11D0-8D11-00A0C91BC942}") = "jpeg-8d", "Thirdparty\jpeg-8d\jpeg-8d.vcxproj", "{5B37D937-D0F7-47BE-97F7-DEF2DBA4970A}"
EndProject
Project("{8BC9CEB8-8B4A-11D0-8D11-00A0C91BC942}") = "Arena", "Arena\Arena.vcxproj", "{DBCBD43C-E143-4233-BBCF-9E8BA2445CE2}"
EndProject
Project("{8BC9CEB8-8B4A-11D0-8D11-00A0C91BC942}") = "GameServer", "GameServer\GameServer.vcxproj", "{B2D4C9E7-DE29-433A-89A6-039AC538EE21}"
EndProject
Project("{8BC9CEB8-8B4A-11D0-8D11-00A0C91BC942}") = "Model3D", "Model3D\Model3D.vcxproj", "{35419D0D-BAE7-4AFD-A6A5-EA597E0A0DCD}"
EndProject
Project("{8BC9CEB8-8B4A-11D0-8D11-00A0C91BC942}") = "WorldBuilder", "WorldBuilder\WorldBuilder.vcxproj", "{CF648FA4-C407-4171-B35E-6F6A72730E0C}"
EndProject
Project("{8BC9CEB8-8B4A-11D0-8D11-00A0C91BC942}") = "Setup", "Setup\Setup.vcxproj", "{CCAD1626-3930-45C2-8C58-F8D1D84244FC}"
	ProjectSection(ProjectDependencies) = postProject
		{77EA7307-3F93-4B26-90FC-C5528EC21CD4} = {77EA7307-3F93-4B26-90FC-C5528EC21CD4}
		{35419D0D-BAE7-4AFD-A6A5-EA597E0A0DCD} = {35419D0D-BAE7-4AFD-A6A5-EA597E0A0DCD}
		{DBC08D35-5928-49F1-B212-8C1F2688CBA3} = {DBC08D35-5928-49F1-B212-8C1F2688CBA3}
		{D543E63C-CAEF-49D5-8401-8A788D7F55DE} = {D543E63C-CAEF-49D5-8401-8A788D7F55DE}
		{5BC6F73D-84AC-46F5-B842-E0EE42B0E402} = {5BC6F73D-84AC-46F5-B842-E0EE42B0E402}
		{7CBD4454-1736-4C34-8813-F64C38F7C9A6} = {7CBD4454-1736-4C34-8813-F64C38F7C9A6}
		{D0B07058-A7FB-4BDF-9054-68BAA9BF7E03} = {D0B07058-A7FB-4BDF-9054-68BAA9BF7E03}
		{DAA1E880-4690-46C1-A9CB-C5C962F8C74C} = {DAA1E880-4690-46C1-A9CB-C5C962F8C74C}
		{B7737583-1A2D-4F99-9CF8-335132391CBC} = {B7737583-1A2D-4F99-9CF8-335132391CBC}
		{CA2D1198-7966-4521-9128-6C28C556714C} = {CA2D1198-7966-4521-9128-6C28C556714C}
		{83311FA4-5BB5-422A-A5B3-4D6B82884E8F} = {83311FA4-5BB5-422A-A5B3-4D6B82884E8F}
		{CF648FA4-C407-4171-B35E-6F6A72730E0C} = {CF648FA4-C407-4171-B35E-6F6A72730E0C}
		{CB79C2AD-60D6-45FE-BA99-6038A2184197} = {CB79C2AD-60D6-45FE-BA99-6038A2184197}
		{B6EA8BAE-E9FE-4087-8C25-5D3C7A977C50} = {B6EA8BAE-E9FE-4087-8C25-5D3C7A977C50}
		{F5C4AED3-7358-4EF7-B835-DE45155CF0A5} = {F5C4AED3-7358-4EF7-B835-DE45155CF0A5}
		{B2D4C9E7-DE29-433A-89A6-039AC538EE21} = {B2D4C9E7-DE29-433A-89A6-039AC538EE21}
		{54254FF9-AE31-4207-B98F-FB49BFE857A6} = {54254FF9-AE31-4207-B98F-FB49BFE857A6}
	EndProjectSection
EndProject
Project("{8BC9CEB8-8B4A-11D0-8D11-00A0C91BC942}") = "Terrain", "Terrain\Terrain.vcxproj", "{DBC08D35-5928-49F1-B212-8C1F2688CBA3}"
EndProject
Global
	GlobalSection(SolutionConfigurationPlatforms) = preSolution
		Debug|Win32 = Debug|Win32
		Release|Win32 = Release|Win32
	EndGlobalSection
	GlobalSection(ProjectConfigurationPlatforms) = postSolution
		{DAA1E880-4690-46C1-A9CB-C5C962F8C74C}.Debug|Win32.ActiveCfg = Debug|Win32
		{DAA1E880-4690-46C1-A9CB-C5C962F8C74C}.Debug|Win32.Build.0 = Debug|Win32
		{DAA1E880-4690-46C1-A9CB-C5C962F8C74C}.Release|Win32.ActiveCfg = Release|Win32
		{DAA1E880-4690-46C1-A9CB-C5C962F8C74C}.Release|Win32.Build.0 = Release|Win32
		{CB79C2AD-60D6-45FE-BA99-6038A2184197}.Debug|Win32.ActiveCfg = Debug|Win32
		{CB79C2AD-60D6-45FE-BA99-6038A2184197}.Debug|Win32.Build.0 = Debug|Win32
		{CB79C2AD-60D6-45FE-BA99-6038A2184197}.Release|Win32.ActiveCfg = Release|Win32
		{CB79C2AD-60D6-45FE-BA99-6038A2184197}.Release|Win32.Build.0 = Release|Win32
		{D0B07058-A7FB-4BDF-9054-68BAA9BF7E03}.Debug|Win32.ActiveCfg = Debug|Win32
		{D0B07058-A7FB-4BDF-9054-68BAA9BF7E03}.Debug|Win32.Build.0 = Debug|Win32
		{D0B07058-A7FB-4BDF-9054-68BAA9BF7E03}.Release|Win32.ActiveCfg = Release|Win32
		{D0B07058-A7FB-4BDF-9054-68BAA9BF7E03}.Release|Win32.Build.0 = Release|Win32
		{190BDDB5-5CCA-4298-A7C8-758D72AF1D12}.Debug|Win32.ActiveCfg = Debug|Win32
		{190BDDB5-5CCA-4298-A7C8-758D72AF1D12}.Debug|Win32.Build.0 = Debug|Win32
		{190BDDB5-5CCA-4298-A7C8-758D72AF1D12}.Release|Win32.ActiveCfg = Release|Win32
		{190BDDB5-5CCA-4298-A7C8-758D72AF1D12}.Release|Win32.Build.0 = Release|Win32
		{C1E05BF2-1AA0-4EB7-98AD-AE5B44265122}.Debug|Win32.ActiveCfg = Default|Win32
		{C1E05BF2-1AA0-4EB7-98AD-AE5B44265122}.Debug|Win32.Build.0 = Default|Win32
		{C1E05BF2-1AA0-4EB7-98AD-AE5B44265122}.Release|Win32.ActiveCfg = Default|Win32
		{C1E05BF2-1AA0-4EB7-98AD-AE5B44265122}.Release|Win32.Build.0 = Default|Win32
		{54254FF9-AE31-4207-B98F-FB49BFE857A6}.Debug|Win32.ActiveCfg = Debug|Win32
		{54254FF9-AE31-4207-B98F-FB49BFE857A6}.Debug|Win32.Build.0 = Debug|Win32
		{54254FF9-AE31-4207-B98F-FB49BFE857A6}.Release|Win32.ActiveCfg = Release|Win32
		{54254FF9-AE31-4207-B98F-FB49BFE857A6}.Release|Win32.Build.0 = Release|Win32
		{7CBD4454-1736-4C34-8813-F64C38F7C9A6}.Debug|Win32.ActiveCfg = Debug|Win32
		{7CBD4454-1736-4C34-8813-F64C38F7C9A6}.Debug|Win32.Build.0 = Debug|Win32
		{7CBD4454-1736-4C34-8813-F64C38F7C9A6}.Release|Win32.ActiveCfg = Release|Win32
		{7CBD4454-1736-4C34-8813-F64C38F7C9A6}.Release|Win32.Build.0 = Release|Win32
		{9C39DDD4-5F0A-48AF-ABAB-9ACF79E45730}.Debug|Win32.ActiveCfg = Debug|Win32
		{9C39DDD4-5F0A-48AF-ABAB-9ACF79E45730}.Debug|Win32.Build.0 = Debug|Win32
		{9C39DDD4-5F0A-48AF-ABAB-9ACF79E45730}.Release|Win32.ActiveCfg = Release|Win32
		{9C39DDD4-5F0A-48AF-ABAB-9ACF79E45730}.Release|Win32.Build.0 = Release|Win32
		{927054AE-6131-43E2-A2AA-D34F7DAAACDA}.Debug|Win32.ActiveCfg = Debug|Win32
		{927054AE-6131-43E2-A2AA-D34F7DAAACDA}.Debug|Win32.Build.0 = Debug|Win32
		{927054AE-6131-43E2-A2AA-D34F7DAAACDA}.Release|Win32.ActiveCfg = Release|Win32
		{927054AE-6131-43E2-A2AA-D34F7DAAACDA}.Release|Win32.Build.0 = Release|Win32
		{B7737583-1A2D-4F99-9CF8-335132391CBC}.Debug|Win32.ActiveCfg = Debug|Win32
		{B7737583-1A2D-4F99-9CF8-335132391CBC}.Debug|Win32.Build.0 = Debug|Win32
		{B7737583-1A2D-4F99-9CF8-335132391CBC}.Release|Win32.ActiveCfg = Release|Win32
		{B7737583-1A2D-4F99-9CF8-335132391CBC}.Release|Win32.Build.0 = Release|Win32
		{C21F9EA1-EF7F-4C03-A0CD-226D41C91877}.Debug|Win32.ActiveCfg = Debug|Any CPU
		{C21F9EA1-EF7F-4C03-A0CD-226D41C91877}.Debug|Win32.Build.0 = Debug|Any CPU
		{C21F9EA1-EF7F-4C03-A0CD-226D41C91877}.Release|Win32.ActiveCfg = Release|Any CPU
		{C21F9EA1-EF7F-4C03-A0CD-226D41C91877}.Release|Win32.Build.0 = Release|Any CPU
		{F5C4AED3-7358-4EF7-B835-DE45155CF0A5}.Debug|Win32.ActiveCfg = Debug|Win32
		{F5C4AED3-7358-4EF7-B835-DE45155CF0A5}.Debug|Win32.Build.0 = Debug|Win32
		{F5C4AED3-7358-4EF7-B835-DE45155CF0A5}.Release|Win32.ActiveCfg = Release|Win32
		{F5C4AED3-7358-4EF7-B835-DE45155CF0A5}.Release|Win32.Build.0 = Release|Win32
		{B6EA8BAE-E9FE-4087-8C25-5D3C7A977C50}.Debug|Win32.ActiveCfg = Debug|Win32
		{B6EA8BAE-E9FE-4087-8C25-5D3C7A977C50}.Debug|Win32.Build.0 = Debug|Win32
		{B6EA8BAE-E9FE-4087-8C25-5D3C7A977C50}.Release|Win32.ActiveCfg = Release|Win32
		{B6EA8BAE-E9FE-4087-8C25-5D3C7A977C50}.Release|Win32.Build.0 = Release|Win32
		{CA2D1198-7966-4521-9128-6C28C556714C}.Debug|Win32.ActiveCfg = Debug|Win32
		{CA2D1198-7966-4521-9128-6C28C556714C}.Debug|Win32.Build.0 = Debug|Win32
		{CA2D1198-7966-4521-9128-6C28C556714C}.Release|Win32.ActiveCfg = Release|Win32
		{CA2D1198-7966-4521-9128-6C28C556714C}.Release|Win32.Build.0 = Release|Win32
		{83311FA4-5BB5-422A-A5B3-4D6B82884E8F}.Debug|Win32.ActiveCfg = Debug|Win32
		{83311FA4-5BB5-422A-A5B3-4D6B82884E8F}.Debug|Win32.Build.0 = Debug|Win32
		{83311FA4-5BB5-422A-A5B3-4D6B82884E8F}.Release|Win32.ActiveCfg = Release|Win32
		{83311FA4-5BB5-422A-A5B3-4D6B82884E8F}.Release|Win32.Build.0 = Release|Win32
		{F52FE1AD-B5D1-4A8E-B9BA-D94966F5529D}.Debug|Win32.ActiveCfg = Debug|Win32
		{F52FE1AD-B5D1-4A8E-B9BA-D94966F5529D}.Debug|Win32.Build.0 = Debug|Win32
		{F52FE1AD-B5D1-4A8E-B9BA-D94966F5529D}.Release|Win32.ActiveCfg = Release|Win32
		{F52FE1AD-B5D1-4A8E-B9BA-D94966F5529D}.Release|Win32.Build.0 = Release|Win32
		{D543E63C-CAEF-49D5-8401-8A788D7F55DE}.Debug|Win32.ActiveCfg = Debug|Win32
		{D543E63C-CAEF-49D5-8401-8A788D7F55DE}.Debug|Win32.Build.0 = Debug|Win32
		{D543E63C-CAEF-49D5-8401-8A788D7F55DE}.Release|Win32.ActiveCfg = Release|Win32
		{D543E63C-CAEF-49D5-8401-8A788D7F55DE}.Release|Win32.Build.0 = Release|Win32
		{5BC6F73D-84AC-46F5-B842-E0EE42B0E402}.Debug|Win32.ActiveCfg = Debug|Win32
		{5BC6F73D-84AC-46F5-B842-E0EE42B0E402}.Debug|Win32.Build.0 = Debug|Win32
		{5BC6F73D-84AC-46F5-B842-E0EE42B0E402}.Release|Win32.ActiveCfg = Release|Win32
		{5BC6F73D-84AC-46F5-B842-E0EE42B0E402}.Release|Win32.Build.0 = Release|Win32
		{C0879A42-E1AF-4DF8-B95B-508B746F009F}.Debug|Win32.ActiveCfg = Debug|Win32
		{C0879A42-E1AF-4DF8-B95B-508B746F009F}.Debug|Win32.Build.0 = Debug|Win32
		{C0879A42-E1AF-4DF8-B95B-508B746F009F}.Release|Win32.ActiveCfg = Release|Win32
		{C0879A42-E1AF-4DF8-B95B-508B746F009F}.Release|Win32.Build.0 = Release|Win32
		{77EA7307-3F93-4B26-90FC-C5528EC21CD4}.Debug|Win32.ActiveCfg = Debug|Win32
		{77EA7307-3F93-4B26-90FC-C5528EC21CD4}.Debug|Win32.Build.0 = Debug|Win32
		{77EA7307-3F93-4B26-90FC-C5528EC21CD4}.Release|Win32.ActiveCfg = Release|Win32
		{77EA7307-3F93-4B26-90FC-C5528EC21CD4}.Release|Win32.Build.0 = Release|Win32
		{5B37D937-D0F7-47BE-97F7-DEF2DBA4970A}.Debug|Win32.ActiveCfg = Debug|Win32
		{5B37D937-D0F7-47BE-97F7-DEF2DBA4970A}.Debug|Win32.Build.0 = Debug|Win32
		{5B37D937-D0F7-47BE-97F7-DEF2DBA4970A}.Release|Win32.ActiveCfg = Release|Win32
		{5B37D937-D0F7-47BE-97F7-DEF2DBA4970A}.Release|Win32.Build.0 = Release|Win32
		{DBCBD43C-E143-4233-BBCF-9E8BA2445CE2}.Debug|Win32.ActiveCfg = Debug|Win32
		{DBCBD43C-E143-4233-BBCF-9E8BA2445CE2}.Debug|Win32.Build.0 = Debug|Win32
		{DBCBD43C-E143-4233-BBCF-9E8BA2445CE2}.Release|Win32.ActiveCfg = Release|Win32
		{DBCBD43C-E143-4233-BBCF-9E8BA2445CE2}.Release|Win32.Build.0 = Release|Win32
		{B2D4C9E7-DE29-433A-89A6-039AC538EE21}.Debug|Win32.ActiveCfg = Debug|Win32
		{B2D4C9E7-DE29-433A-89A6-039AC538EE21}.Debug|Win32.Build.0 = Debug|Win32
		{B2D4C9E7-DE29-433A-89A6-039AC538EE21}.Release|Win32.ActiveCfg = Release|Win32
		{B2D4C9E7-DE29-433A-89A6-039AC538EE21}.Release|Win32.Build.0 = Release|Win32
		{35419D0D-BAE7-4AFD-A6A5-EA597E0A0DCD}.Debug|Win32.ActiveCfg = Debug|Win32
		{35419D0D-BAE7-4AFD-A6A5-EA597E0A0DCD}.Debug|Win32.Build.0 = Debug|Win32
		{35419D0D-BAE7-4AFD-A6A5-EA597E0A0DCD}.Release|Win32.ActiveCfg = Release|Win32
		{35419D0D-BAE7-4AFD-A6A5-EA597E0A0DCD}.Release|Win32.Build.0 = Release|Win32
		{CF648FA4-C407-4171-B35E-6F6A72730E0C}.Debug|Win32.ActiveCfg = Debug|Win32
		{CF648FA4-C407-4171-B35E-6F6A72730E0C}.Debug|Win32.Build.0 = Debug|Win32
		{CF648FA4-C407-4171-B35E-6F6A72730E0C}.Release|Win32.ActiveCfg = Release|Win32
		{CF648FA4-C407-4171-B35E-6F6A72730E0C}.Release|Win32.Build.0 = Release|Win32
		{CCAD1626-3930-45C2-8C58-F8D1D84244FC}.Debug|Win32.ActiveCfg = Debug|Win32
		{CCAD1626-3930-45C2-8C58-F8D1D84244FC}.Debug|Win32.Build.0 = Debug|Win32
		{CCAD1626-3930-45C2-8C58-F8D1D84244FC}.Release|Win32.ActiveCfg = Release|Win32
		{CCAD1626-3930-45C2-8C58-F8D1D84244FC}.Release|Win32.Build.0 = Release|Win32
		{DBC08D35-5928-49F1-B212-8C1F2688CBA3}.Debug|Win32.ActiveCfg = Debug|Win32
		{DBC08D35-5928-49F1-B212-8C1F2688CBA3}.Debug|Win32.Build.0 = Debug|Win32
		{DBC08D35-5928-49F1-B212-8C1F2688CBA3}.Release|Win32.ActiveCfg = Release|Win32
		{DBC08D35-5928-49F1-B212-8C1F2688CBA3}.Release|Win32.Build.0 = Release|Win32
	EndGlobalSection
	GlobalSection(SolutionProperties) = preSolution
		HideSolutionNode = FALSE
	EndGlobalSection
EndGlobal
