
Microsoft Visual Studio Solution File, Format Version 12.00
# Visual Studio 15
VisualStudioVersion = 15.0.28307.271
MinimumVisualStudioVersion = 10.0.40219.1
Project("{8BC9CEB8-8B4A-11D0-8D11-00A0C91BC942}") = "Thirdparty", "Thirdparty\Thirdparty.vcxproj", "{CB79C2AD-60D6-45FE-BA99-6038A2184197}"
EndProject
Project("{8BC9CEB8-8B4A-11D0-8D11-00A0C91BC942}") = "Base", "Shared\Base\Base.vcxproj", "{D0B07058-A7FB-4BDF-9054-68BAA9BF7E03}"
	ProjectSection(ProjectDependencies) = postProject
		{CB79C2AD-60D6-45FE-BA99-6038A2184197} = {CB79C2AD-60D6-45FE-BA99-6038A2184197}
	EndProjectSection
EndProject
Project("{8BC9CEB8-8B4A-11D0-8D11-00A0C91BC942}") = "Underworld", "Client\Underworld\Underworld.vcxproj", "{2D2ECFAB-5064-4B2F-94A8-3DA4893CB749}"
	ProjectSection(ProjectDependencies) = postProject
		{D0B07058-A7FB-4BDF-9054-68BAA9BF7E03} = {D0B07058-A7FB-4BDF-9054-68BAA9BF7E03}
		{CA2D1198-7966-4521-9128-6C28C556714C} = {CA2D1198-7966-4521-9128-6C28C556714C}
		{F5C4AED3-7358-4EF7-B835-DE45155CF0A5} = {F5C4AED3-7358-4EF7-B835-DE45155CF0A5}
	EndProjectSection
EndProject
Project("{8BC9CEB8-8B4A-11D0-8D11-00A0C91BC942}") = "RenderEngine", "Client\RenderEngine\RenderEngine.vcxproj", "{F5C4AED3-7358-4EF7-B835-DE45155CF0A5}"
	ProjectSection(ProjectDependencies) = postProject
		{5B37D937-D0F7-47BE-97F7-DEF2DBA4970A} = {5B37D937-D0F7-47BE-97F7-DEF2DBA4970A}
	EndProjectSection
EndProject
Project("{8BC9CEB8-8B4A-11D0-8D11-00A0C91BC942}") = "ClientLogic", "Client\ClientLogic\ClientLogic.vcxproj", "{CA2D1198-7966-4521-9128-6C28C556714C}"
	ProjectSection(ProjectDependencies) = postProject
		{B6EA8BAE-E9FE-4087-8C25-5D3C7A977C50} = {B6EA8BAE-E9FE-4087-8C25-5D3C7A977C50}
	EndProjectSection
EndProject
Project("{8BC9CEB8-8B4A-11D0-8D11-00A0C91BC942}") = "UserInterface", "Client\UserInterface\UserInterface.vcxproj", "{B6EA8BAE-E9FE-4087-8C25-5D3C7A977C50}"
EndProject
Project("{8BC9CEB8-8B4A-11D0-8D11-00A0C91BC942}") = "jpeg-8d", "Thirdparty\jpeg-8d\jpeg-8d.vcxproj", "{5B37D937-D0F7-47BE-97F7-DEF2DBA4970A}"
EndProject
Project("{8BC9CEB8-8B4A-11D0-8D11-00A0C91BC942}") = "Common", "Shared\Common\Common.vcxproj", "{54254FF9-AE31-4207-B98F-FB49BFE857A6}"
EndProject
Project("{8BC9CEB8-8B4A-11D0-8D11-00A0C91BC942}") = "Debugger", "Client\Underworld\Debugger\Debugger.vcxproj", "{341B0B68-E7F2-4E20-B24E-85F8679A5618}"
EndProject
Project("{2150E333-8FDC-42A3-9474-1A3956D46DE8}") = "Client Projects", "Client Projects", "{858B0373-04AC-4209-B5DB-184562897BC1}"
EndProject
Project("{2150E333-8FDC-42A3-9474-1A3956D46DE8}") = "Shared Projects", "Shared Projects", "{97ED4D88-6634-4060-A109-98DD443B97FA}"
EndProject
Project("{2150E333-8FDC-42A3-9474-1A3956D46DE8}") = "Thirdparty Projects", "Thirdparty Projects", "{4E765386-C2BD-4BF2-9081-8552DD7AFCBF}"
EndProject
Project("{8BC9CEB8-8B4A-11D0-8D11-00A0C91BC942}") = "Audio", "Client\Audio\Audio.vcxproj", "{7CBD4454-1736-4C34-8813-F64C38F7C9A6}"
EndProject
Global
	GlobalSection(SolutionConfigurationPlatforms) = preSolution
		Debug|Win32 = Debug|Win32
		Release|Win32 = Release|Win32
	EndGlobalSection
	GlobalSection(ProjectConfigurationPlatforms) = postSolution
		{CB79C2AD-60D6-45FE-BA99-6038A2184197}.Debug|Win32.ActiveCfg = Debug|Win32
		{CB79C2AD-60D6-45FE-BA99-6038A2184197}.Debug|Win32.Build.0 = Debug|Win32
		{CB79C2AD-60D6-45FE-BA99-6038A2184197}.Release|Win32.ActiveCfg = Release|Win32
		{CB79C2AD-60D6-45FE-BA99-6038A2184197}.Release|Win32.Build.0 = Release|Win32
		{D0B07058-A7FB-4BDF-9054-68BAA9BF7E03}.Debug|Win32.ActiveCfg = Debug|Win32
		{D0B07058-A7FB-4BDF-9054-68BAA9BF7E03}.Debug|Win32.Build.0 = Debug|Win32
		{D0B07058-A7FB-4BDF-9054-68BAA9BF7E03}.Release|Win32.ActiveCfg = Release|Win32
		{D0B07058-A7FB-4BDF-9054-68BAA9BF7E03}.Release|Win32.Build.0 = Release|Win32
		{2D2ECFAB-5064-4B2F-94A8-3DA4893CB749}.Debug|Win32.ActiveCfg = Debug|Win32
		{2D2ECFAB-5064-4B2F-94A8-3DA4893CB749}.Debug|Win32.Build.0 = Debug|Win32
		{2D2ECFAB-5064-4B2F-94A8-3DA4893CB749}.Release|Win32.ActiveCfg = Release|Win32
		{2D2ECFAB-5064-4B2F-94A8-3DA4893CB749}.Release|Win32.Build.0 = Release|Win32
		{F5C4AED3-7358-4EF7-B835-DE45155CF0A5}.Debug|Win32.ActiveCfg = Debug|Win32
		{F5C4AED3-7358-4EF7-B835-DE45155CF0A5}.Debug|Win32.Build.0 = Debug|Win32
		{F5C4AED3-7358-4EF7-B835-DE45155CF0A5}.Release|Win32.ActiveCfg = Release|Win32
		{F5C4AED3-7358-4EF7-B835-DE45155CF0A5}.Release|Win32.Build.0 = Release|Win32
		{CA2D1198-7966-4521-9128-6C28C556714C}.Debug|Win32.ActiveCfg = Debug|Win32
		{CA2D1198-7966-4521-9128-6C28C556714C}.Debug|Win32.Build.0 = Debug|Win32
		{CA2D1198-7966-4521-9128-6C28C556714C}.Release|Win32.ActiveCfg = Release|Win32
		{CA2D1198-7966-4521-9128-6C28C556714C}.Release|Win32.Build.0 = Release|Win32
		{B6EA8BAE-E9FE-4087-8C25-5D3C7A977C50}.Debug|Win32.ActiveCfg = Debug|Win32
		{B6EA8BAE-E9FE-4087-8C25-5D3C7A977C50}.Debug|Win32.Build.0 = Debug|Win32
		{B6EA8BAE-E9FE-4087-8C25-5D3C7A977C50}.Release|Win32.ActiveCfg = Release|Win32
		{B6EA8BAE-E9FE-4087-8C25-5D3C7A977C50}.Release|Win32.Build.0 = Release|Win32
		{5B37D937-D0F7-47BE-97F7-DEF2DBA4970A}.Debug|Win32.ActiveCfg = Debug|Win32
		{5B37D937-D0F7-47BE-97F7-DEF2DBA4970A}.Debug|Win32.Build.0 = Debug|Win32
		{5B37D937-D0F7-47BE-97F7-DEF2DBA4970A}.Release|Win32.ActiveCfg = Release|Win32
		{5B37D937-D0F7-47BE-97F7-DEF2DBA4970A}.Release|Win32.Build.0 = Release|Win32
		{54254FF9-AE31-4207-B98F-FB49BFE857A6}.Debug|Win32.ActiveCfg = Debug|Win32
		{54254FF9-AE31-4207-B98F-FB49BFE857A6}.Debug|Win32.Build.0 = Debug|Win32
		{54254FF9-AE31-4207-B98F-FB49BFE857A6}.Release|Win32.ActiveCfg = Release|Win32
		{54254FF9-AE31-4207-B98F-FB49BFE857A6}.Release|Win32.Build.0 = Release|Win32
		{341B0B68-E7F2-4E20-B24E-85F8679A5618}.Debug|Win32.ActiveCfg = Debug|Win32
		{341B0B68-E7F2-4E20-B24E-85F8679A5618}.Debug|Win32.Build.0 = Debug|Win32
		{341B0B68-E7F2-4E20-B24E-85F8679A5618}.Release|Win32.ActiveCfg = Release|Win32
		{341B0B68-E7F2-4E20-B24E-85F8679A5618}.Release|Win32.Build.0 = Release|Win32
		{7CBD4454-1736-4C34-8813-F64C38F7C9A6}.Debug|Win32.ActiveCfg = Debug|Win32
		{7CBD4454-1736-4C34-8813-F64C38F7C9A6}.Debug|Win32.Build.0 = Debug|Win32
		{7CBD4454-1736-4C34-8813-F64C38F7C9A6}.Release|Win32.ActiveCfg = Release|Win32
		{7CBD4454-1736-4C34-8813-F64C38F7C9A6}.Release|Win32.Build.0 = Release|Win32
	EndGlobalSection
	GlobalSection(SolutionProperties) = preSolution
		HideSolutionNode = FALSE
	EndGlobalSection
	GlobalSection(NestedProjects) = preSolution
		{CB79C2AD-60D6-45FE-BA99-6038A2184197} = {4E765386-C2BD-4BF2-9081-8552DD7AFCBF}
		{D0B07058-A7FB-4BDF-9054-68BAA9BF7E03} = {97ED4D88-6634-4060-A109-98DD443B97FA}
		{2D2ECFAB-5064-4B2F-94A8-3DA4893CB749} = {858B0373-04AC-4209-B5DB-184562897BC1}
		{F5C4AED3-7358-4EF7-B835-DE45155CF0A5} = {858B0373-04AC-4209-B5DB-184562897BC1}
		{CA2D1198-7966-4521-9128-6C28C556714C} = {858B0373-04AC-4209-B5DB-184562897BC1}
		{B6EA8BAE-E9FE-4087-8C25-5D3C7A977C50} = {858B0373-04AC-4209-B5DB-184562897BC1}
		{5B37D937-D0F7-47BE-97F7-DEF2DBA4970A} = {4E765386-C2BD-4BF2-9081-8552DD7AFCBF}
		{54254FF9-AE31-4207-B98F-FB49BFE857A6} = {97ED4D88-6634-4060-A109-98DD443B97FA}
		{341B0B68-E7F2-4E20-B24E-85F8679A5618} = {858B0373-04AC-4209-B5DB-184562897BC1}
		{7CBD4454-1736-4C34-8813-F64C38F7C9A6} = {858B0373-04AC-4209-B5DB-184562897BC1}
	EndGlobalSection
	GlobalSection(ExtensibilityGlobals) = postSolution
		SolutionGuid = {9D5301CD-11A1-48A1-AD91-97853A37961A}
	EndGlobalSection
EndGlobal
