
Microsoft Visual Studio Solution File, Format Version 12.00
# Visual Studio Express 2013 for Windows Desktop
VisualStudioVersion = 12.0.31101.0
MinimumVisualStudioVersion = 10.0.40219.1
Project("{8BC9CEB8-8B4A-11D0-8D11-00A0C91BC942}") = "Base", "Shared\Base\Base.vcxproj", "{D0B07058-A7FB-4BDF-9054-68BAA9BF7E03}"
	ProjectSection(ProjectDependencies) = postProject
		{DAA1E880-4690-46C1-A9CB-C5C962F8C74C} = {DAA1E880-4690-46C1-A9CB-C5C962F8C74C}
		{CB79C2AD-60D6-45FE-BA99-6038A2184197} = {CB79C2AD-60D6-45FE-BA99-6038A2184197}
	EndProjectSection
EndProject
Project("{8BC9CEB8-8B4A-11D0-8D11-00A0C91BC942}") = "Base.Unit", "Shared\Base\Base.Unit\Base.Unit.vcxproj", "{F8F39DF5-7644-4A20-A826-399ED1E043DB}"
	ProjectSection(ProjectDependencies) = postProject
		{DAA1E880-4690-46C1-A9CB-C5C962F8C74C} = {DAA1E880-4690-46C1-A9CB-C5C962F8C74C}
	EndProjectSection
EndProject
Project("{8BC9CEB8-8B4A-11D0-8D11-00A0C91BC942}") = "ulib", "ulib\ulib.vcxproj", "{DAA1E880-4690-46C1-A9CB-C5C962F8C74C}"
EndProject
Project("{8BC9CEB8-8B4A-11D0-8D11-00A0C91BC942}") = "ulib.Unit", "ulib\ulib.Unit\ulib.Unit.vcxproj", "{D1CBBD98-E25E-4949-8EF8-1CFE0CECA45F}"
	ProjectSection(ProjectDependencies) = postProject
		{DAA1E880-4690-46C1-A9CB-C5C962F8C74C} = {DAA1E880-4690-46C1-A9CB-C5C962F8C74C}
	EndProjectSection
EndProject
Project("{8BC9CEB8-8B4A-11D0-8D11-00A0C91BC942}") = "Thirdparty", "Thirdparty\Thirdparty.vcxproj", "{CB79C2AD-60D6-45FE-BA99-6038A2184197}"
EndProject
Project("{8BC9CEB8-8B4A-11D0-8D11-00A0C91BC942}") = "World", "Server\World\World.vcxproj", "{77EA7307-3F93-4B26-90FC-C5528EC21CD4}"
EndProject
Project("{8BC9CEB8-8B4A-11D0-8D11-00A0C91BC942}") = "Common", "Shared\Common\Common.vcxproj", "{54254FF9-AE31-4207-B98F-FB49BFE857A6}"
EndProject
Project("{8BC9CEB8-8B4A-11D0-8D11-00A0C91BC942}") = "World.Unit", "Server\World\World.Unit\World.Unit.vcxproj", "{4FE44D37-4F37-4B72-B120-4D8196FCA5A5}"
EndProject
Project("{8BC9CEB8-8B4A-11D0-8D11-00A0C91BC942}") = "Audio.Unit", "Client\Audio\Audio.Unit\Audio.Unit.vcxproj", "{FB4ED9EF-7403-41C3-B3C5-A721913267E3}"
EndProject
Project("{8BC9CEB8-8B4A-11D0-8D11-00A0C91BC942}") = "SRP.Unit", "Shared\SRP\SRP.Unit\SRP.Unit.vcxproj", "{C8C9BC52-CBED-4F13-9ABF-277E92AA52FC}"
EndProject
Project("{8BC9CEB8-8B4A-11D0-8D11-00A0C91BC942}") = "SRP", "Shared\SRP\SRP.vcxproj", "{F52FE1AD-B5D1-4A8E-B9BA-D94966F5529D}"
EndProject
Project("{8BC9CEB8-8B4A-11D0-8D11-00A0C91BC942}") = "Common.Unit", "Shared\Common\Common.Unit\Common.Unit.vcxproj", "{CE64A7A9-F675-4AA2-8B10-CEAC62758678}"
EndProject
Project("{8BC9CEB8-8B4A-11D0-8D11-00A0C91BC942}") = "Network.Unit", "Shared\Network\Network.Unit\Network.Unit.vcxproj", "{A3801DBD-60EE-4CCE-814C-144886825F67}"
EndProject
Project("{8BC9CEB8-8B4A-11D0-8D11-00A0C91BC942}") = "Terrain.Unit", "Shared\Terrain\Terrain.Unit\Terrain.Unit.vcxproj", "{07F3C3DD-2216-4C05-A43E-F2600EC27098}"
EndProject
Project("{8BC9CEB8-8B4A-11D0-8D11-00A0C91BC942}") = "Terrain", "Shared\Terrain\Terrain.vcxproj", "{DBC08D35-5928-49F1-B212-8C1F2688CBA3}"
EndProject
Project("{8BC9CEB8-8B4A-11D0-8D11-00A0C91BC942}") = "Network", "Shared\Network\Network.vcxproj", "{83311FA4-5BB5-422A-A5B3-4D6B82884E8F}"
EndProject
Project("{8BC9CEB8-8B4A-11D0-8D11-00A0C91BC942}") = "ServerLogic", "Server\ServerLogic\ServerLogic.vcxproj", "{5BC6F73D-84AC-46F5-B842-E0EE42B0E402}"
EndProject
Project("{8BC9CEB8-8B4A-11D0-8D11-00A0C91BC942}") = "ServerLogic.Unit", "Server\ServerLogic\ServerLogic.Unit\ServerLogic.Unit.vcxproj", "{B4E34672-A991-4256-848D-DBA984E231A5}"
EndProject
Project("{8BC9CEB8-8B4A-11D0-8D11-00A0C91BC942}") = "TestService", "Server\GameServer\TestService\TestService.vcxproj", "{68175EB5-02ED-447E-9797-742604D58203}"
EndProject
Project("{8BC9CEB8-8B4A-11D0-8D11-00A0C91BC942}") = "WorldBuilder.Unit", "Client\WorldBuilder\WorldBuilder.Unit\WorldBuilder.Unit.vcxproj", "{61CFBEBB-EBA6-45AB-906B-0DB077D9DACB}"
EndProject
Project("{8BC9CEB8-8B4A-11D0-8D11-00A0C91BC942}") = "RenderEngine", "Client\RenderEngine\RenderEngine.vcxproj", "{F5C4AED3-7358-4EF7-B835-DE45155CF0A5}"
EndProject
Project("{8BC9CEB8-8B4A-11D0-8D11-00A0C91BC942}") = "RenderEngine.Unit", "Client\RenderEngine\RenderEngine.Unit\RenderEngine.Unit.vcxproj", "{F5779383-BEF3-40A5-AC50-C1BAE9E93226}"
EndProject
Project("{8BC9CEB8-8B4A-11D0-8D11-00A0C91BC942}") = "jpeg-8d", "Thirdparty\jpeg-8d\jpeg-8d.vcxproj", "{5B37D937-D0F7-47BE-97F7-DEF2DBA4970A}"
EndProject
Project("{2150E333-8FDC-42A3-9474-1A3956D46DE8}") = "Client Projects", "Client Projects", "{285F99C7-DC2F-4369-B5E9-D5562C4DA6C4}"
EndProject
Project("{2150E333-8FDC-42A3-9474-1A3956D46DE8}") = "Shared Projects", "Shared Projects", "{DB809AFB-463D-4280-8561-A0B7D100F223}"
EndProject
Project("{2150E333-8FDC-42A3-9474-1A3956D46DE8}") = "Server Projects", "Server Projects", "{B1135FCE-62A2-4C6A-9CA2-E08112E94141}"
EndProject
Project("{2150E333-8FDC-42A3-9474-1A3956D46DE8}") = "Reference Projects", "Reference Projects", "{9BB56BA4-68EF-4BEC-A87B-CF15B9E910C4}"
EndProject
Global
	GlobalSection(SolutionConfigurationPlatforms) = preSolution
		Debug|Win32 = Debug|Win32
		Debug|x64 = Debug|x64
		Release|Win32 = Release|Win32
		Release|x64 = Release|x64
	EndGlobalSection
	GlobalSection(ProjectConfigurationPlatforms) = postSolution
		{D0B07058-A7FB-4BDF-9054-68BAA9BF7E03}.Debug|Win32.ActiveCfg = Debug|Win32
		{D0B07058-A7FB-4BDF-9054-68BAA9BF7E03}.Debug|Win32.Build.0 = Debug|Win32
		{D0B07058-A7FB-4BDF-9054-68BAA9BF7E03}.Debug|x64.ActiveCfg = Debug|Win32
		{D0B07058-A7FB-4BDF-9054-68BAA9BF7E03}.Release|Win32.ActiveCfg = Release|Win32
		{D0B07058-A7FB-4BDF-9054-68BAA9BF7E03}.Release|Win32.Build.0 = Release|Win32
		{D0B07058-A7FB-4BDF-9054-68BAA9BF7E03}.Release|x64.ActiveCfg = Release|Win32
		{F8F39DF5-7644-4A20-A826-399ED1E043DB}.Debug|Win32.ActiveCfg = Debug|Win32
		{F8F39DF5-7644-4A20-A826-399ED1E043DB}.Debug|Win32.Build.0 = Debug|Win32
		{F8F39DF5-7644-4A20-A826-399ED1E043DB}.Debug|x64.ActiveCfg = Debug|Win32
		{F8F39DF5-7644-4A20-A826-399ED1E043DB}.Release|Win32.ActiveCfg = Release|Win32
		{F8F39DF5-7644-4A20-A826-399ED1E043DB}.Release|Win32.Build.0 = Release|Win32
		{F8F39DF5-7644-4A20-A826-399ED1E043DB}.Release|x64.ActiveCfg = Release|Win32
		{DAA1E880-4690-46C1-A9CB-C5C962F8C74C}.Debug|Win32.ActiveCfg = Debug|Win32
		{DAA1E880-4690-46C1-A9CB-C5C962F8C74C}.Debug|Win32.Build.0 = Debug|Win32
		{DAA1E880-4690-46C1-A9CB-C5C962F8C74C}.Debug|x64.ActiveCfg = Debug|Win32
		{DAA1E880-4690-46C1-A9CB-C5C962F8C74C}.Release|Win32.ActiveCfg = Release|Win32
		{DAA1E880-4690-46C1-A9CB-C5C962F8C74C}.Release|Win32.Build.0 = Release|Win32
		{DAA1E880-4690-46C1-A9CB-C5C962F8C74C}.Release|x64.ActiveCfg = Release|Win32
		{D1CBBD98-E25E-4949-8EF8-1CFE0CECA45F}.Debug|Win32.ActiveCfg = Debug|Win32
		{D1CBBD98-E25E-4949-8EF8-1CFE0CECA45F}.Debug|Win32.Build.0 = Debug|Win32
		{D1CBBD98-E25E-4949-8EF8-1CFE0CECA45F}.Debug|x64.ActiveCfg = Debug|Win32
		{D1CBBD98-E25E-4949-8EF8-1CFE0CECA45F}.Release|Win32.ActiveCfg = Release|Win32
		{D1CBBD98-E25E-4949-8EF8-1CFE0CECA45F}.Release|Win32.Build.0 = Release|Win32
		{D1CBBD98-E25E-4949-8EF8-1CFE0CECA45F}.Release|x64.ActiveCfg = Release|Win32
		{CB79C2AD-60D6-45FE-BA99-6038A2184197}.Debug|Win32.ActiveCfg = Debug|Win32
		{CB79C2AD-60D6-45FE-BA99-6038A2184197}.Debug|Win32.Build.0 = Debug|Win32
		{CB79C2AD-60D6-45FE-BA99-6038A2184197}.Debug|x64.ActiveCfg = Debug|Win32
		{CB79C2AD-60D6-45FE-BA99-6038A2184197}.Release|Win32.ActiveCfg = Release|Win32
		{CB79C2AD-60D6-45FE-BA99-6038A2184197}.Release|Win32.Build.0 = Release|Win32
		{CB79C2AD-60D6-45FE-BA99-6038A2184197}.Release|x64.ActiveCfg = Release|Win32
		{77EA7307-3F93-4B26-90FC-C5528EC21CD4}.Debug|Win32.ActiveCfg = Debug|Win32
		{77EA7307-3F93-4B26-90FC-C5528EC21CD4}.Debug|Win32.Build.0 = Debug|Win32
		{77EA7307-3F93-4B26-90FC-C5528EC21CD4}.Debug|x64.ActiveCfg = Debug|Win32
		{77EA7307-3F93-4B26-90FC-C5528EC21CD4}.Release|Win32.ActiveCfg = Release|Win32
		{77EA7307-3F93-4B26-90FC-C5528EC21CD4}.Release|Win32.Build.0 = Release|Win32
		{77EA7307-3F93-4B26-90FC-C5528EC21CD4}.Release|x64.ActiveCfg = Release|Win32
		{54254FF9-AE31-4207-B98F-FB49BFE857A6}.Debug|Win32.ActiveCfg = Debug|Win32
		{54254FF9-AE31-4207-B98F-FB49BFE857A6}.Debug|Win32.Build.0 = Debug|Win32
		{54254FF9-AE31-4207-B98F-FB49BFE857A6}.Debug|x64.ActiveCfg = Debug|Win32
		{54254FF9-AE31-4207-B98F-FB49BFE857A6}.Release|Win32.ActiveCfg = Release|Win32
		{54254FF9-AE31-4207-B98F-FB49BFE857A6}.Release|Win32.Build.0 = Release|Win32
		{54254FF9-AE31-4207-B98F-FB49BFE857A6}.Release|x64.ActiveCfg = Release|Win32
		{4FE44D37-4F37-4B72-B120-4D8196FCA5A5}.Debug|Win32.ActiveCfg = Debug|Win32
		{4FE44D37-4F37-4B72-B120-4D8196FCA5A5}.Debug|Win32.Build.0 = Debug|Win32
		{4FE44D37-4F37-4B72-B120-4D8196FCA5A5}.Debug|x64.ActiveCfg = Debug|Win32
		{4FE44D37-4F37-4B72-B120-4D8196FCA5A5}.Release|Win32.ActiveCfg = Release|Win32
		{4FE44D37-4F37-4B72-B120-4D8196FCA5A5}.Release|Win32.Build.0 = Release|Win32
		{4FE44D37-4F37-4B72-B120-4D8196FCA5A5}.Release|x64.ActiveCfg = Release|Win32
		{FB4ED9EF-7403-41C3-B3C5-A721913267E3}.Debug|Win32.ActiveCfg = Debug|Win32
		{FB4ED9EF-7403-41C3-B3C5-A721913267E3}.Debug|Win32.Build.0 = Debug|Win32
		{FB4ED9EF-7403-41C3-B3C5-A721913267E3}.Debug|x64.ActiveCfg = Debug|Win32
		{FB4ED9EF-7403-41C3-B3C5-A721913267E3}.Release|Win32.ActiveCfg = Release|Win32
		{FB4ED9EF-7403-41C3-B3C5-A721913267E3}.Release|Win32.Build.0 = Release|Win32
		{FB4ED9EF-7403-41C3-B3C5-A721913267E3}.Release|x64.ActiveCfg = Release|Win32
		{C8C9BC52-CBED-4F13-9ABF-277E92AA52FC}.Debug|Win32.ActiveCfg = Debug|Win32
		{C8C9BC52-CBED-4F13-9ABF-277E92AA52FC}.Debug|Win32.Build.0 = Debug|Win32
		{C8C9BC52-CBED-4F13-9ABF-277E92AA52FC}.Debug|x64.ActiveCfg = Debug|Win32
		{C8C9BC52-CBED-4F13-9ABF-277E92AA52FC}.Release|Win32.ActiveCfg = Release|Win32
		{C8C9BC52-CBED-4F13-9ABF-277E92AA52FC}.Release|Win32.Build.0 = Release|Win32
		{C8C9BC52-CBED-4F13-9ABF-277E92AA52FC}.Release|x64.ActiveCfg = Release|Win32
		{F52FE1AD-B5D1-4A8E-B9BA-D94966F5529D}.Debug|Win32.ActiveCfg = Debug|Win32
		{F52FE1AD-B5D1-4A8E-B9BA-D94966F5529D}.Debug|Win32.Build.0 = Debug|Win32
		{F52FE1AD-B5D1-4A8E-B9BA-D94966F5529D}.Debug|x64.ActiveCfg = Debug|x64
		{F52FE1AD-B5D1-4A8E-B9BA-D94966F5529D}.Debug|x64.Build.0 = Debug|x64
		{F52FE1AD-B5D1-4A8E-B9BA-D94966F5529D}.Release|Win32.ActiveCfg = Release|Win32
		{F52FE1AD-B5D1-4A8E-B9BA-D94966F5529D}.Release|Win32.Build.0 = Release|Win32
		{F52FE1AD-B5D1-4A8E-B9BA-D94966F5529D}.Release|x64.ActiveCfg = Release|x64
		{F52FE1AD-B5D1-4A8E-B9BA-D94966F5529D}.Release|x64.Build.0 = Release|x64
		{CE64A7A9-F675-4AA2-8B10-CEAC62758678}.Debug|Win32.ActiveCfg = Debug|Win32
		{CE64A7A9-F675-4AA2-8B10-CEAC62758678}.Debug|Win32.Build.0 = Debug|Win32
		{CE64A7A9-F675-4AA2-8B10-CEAC62758678}.Debug|x64.ActiveCfg = Debug|Win32
		{CE64A7A9-F675-4AA2-8B10-CEAC62758678}.Release|Win32.ActiveCfg = Release|Win32
		{CE64A7A9-F675-4AA2-8B10-CEAC62758678}.Release|Win32.Build.0 = Release|Win32
		{CE64A7A9-F675-4AA2-8B10-CEAC62758678}.Release|x64.ActiveCfg = Release|Win32
		{A3801DBD-60EE-4CCE-814C-144886825F67}.Debug|Win32.ActiveCfg = Debug|Win32
		{A3801DBD-60EE-4CCE-814C-144886825F67}.Debug|Win32.Build.0 = Debug|Win32
		{A3801DBD-60EE-4CCE-814C-144886825F67}.Debug|x64.ActiveCfg = Debug|Win32
		{A3801DBD-60EE-4CCE-814C-144886825F67}.Release|Win32.ActiveCfg = Release|Win32
		{A3801DBD-60EE-4CCE-814C-144886825F67}.Release|Win32.Build.0 = Release|Win32
		{A3801DBD-60EE-4CCE-814C-144886825F67}.Release|x64.ActiveCfg = Release|Win32
		{07F3C3DD-2216-4C05-A43E-F2600EC27098}.Debug|Win32.ActiveCfg = Debug|Win32
		{07F3C3DD-2216-4C05-A43E-F2600EC27098}.Debug|Win32.Build.0 = Debug|Win32
		{07F3C3DD-2216-4C05-A43E-F2600EC27098}.Debug|x64.ActiveCfg = Debug|Win32
		{07F3C3DD-2216-4C05-A43E-F2600EC27098}.Release|Win32.ActiveCfg = Release|Win32
		{07F3C3DD-2216-4C05-A43E-F2600EC27098}.Release|Win32.Build.0 = Release|Win32
		{07F3C3DD-2216-4C05-A43E-F2600EC27098}.Release|x64.ActiveCfg = Release|Win32
		{DBC08D35-5928-49F1-B212-8C1F2688CBA3}.Debug|Win32.ActiveCfg = Debug|Win32
		{DBC08D35-5928-49F1-B212-8C1F2688CBA3}.Debug|Win32.Build.0 = Debug|Win32
		{DBC08D35-5928-49F1-B212-8C1F2688CBA3}.Debug|x64.ActiveCfg = Debug|Win32
		{DBC08D35-5928-49F1-B212-8C1F2688CBA3}.Release|Win32.ActiveCfg = Release|Win32
		{DBC08D35-5928-49F1-B212-8C1F2688CBA3}.Release|Win32.Build.0 = Release|Win32
		{DBC08D35-5928-49F1-B212-8C1F2688CBA3}.Release|x64.ActiveCfg = Release|Win32
		{83311FA4-5BB5-422A-A5B3-4D6B82884E8F}.Debug|Win32.ActiveCfg = Debug|Win32
		{83311FA4-5BB5-422A-A5B3-4D6B82884E8F}.Debug|Win32.Build.0 = Debug|Win32
		{83311FA4-5BB5-422A-A5B3-4D6B82884E8F}.Debug|x64.ActiveCfg = Debug|Win32
		{83311FA4-5BB5-422A-A5B3-4D6B82884E8F}.Release|Win32.ActiveCfg = Release|Win32
		{83311FA4-5BB5-422A-A5B3-4D6B82884E8F}.Release|Win32.Build.0 = Release|Win32
		{83311FA4-5BB5-422A-A5B3-4D6B82884E8F}.Release|x64.ActiveCfg = Release|Win32
		{5BC6F73D-84AC-46F5-B842-E0EE42B0E402}.Debug|Win32.ActiveCfg = Debug|Win32
		{5BC6F73D-84AC-46F5-B842-E0EE42B0E402}.Debug|Win32.Build.0 = Debug|Win32
		{5BC6F73D-84AC-46F5-B842-E0EE42B0E402}.Debug|x64.ActiveCfg = Debug|Win32
		{5BC6F73D-84AC-46F5-B842-E0EE42B0E402}.Release|Win32.ActiveCfg = Release|Win32
		{5BC6F73D-84AC-46F5-B842-E0EE42B0E402}.Release|Win32.Build.0 = Release|Win32
		{5BC6F73D-84AC-46F5-B842-E0EE42B0E402}.Release|x64.ActiveCfg = Release|Win32
		{B4E34672-A991-4256-848D-DBA984E231A5}.Debug|Win32.ActiveCfg = Debug|Win32
		{B4E34672-A991-4256-848D-DBA984E231A5}.Debug|Win32.Build.0 = Debug|Win32
		{B4E34672-A991-4256-848D-DBA984E231A5}.Debug|x64.ActiveCfg = Debug|Win32
		{B4E34672-A991-4256-848D-DBA984E231A5}.Release|Win32.ActiveCfg = Release|Win32
		{B4E34672-A991-4256-848D-DBA984E231A5}.Release|Win32.Build.0 = Release|Win32
		{B4E34672-A991-4256-848D-DBA984E231A5}.Release|x64.ActiveCfg = Release|Win32
		{68175EB5-02ED-447E-9797-742604D58203}.Debug|Win32.ActiveCfg = Debug|Win32
		{68175EB5-02ED-447E-9797-742604D58203}.Debug|Win32.Build.0 = Debug|Win32
		{68175EB5-02ED-447E-9797-742604D58203}.Debug|x64.ActiveCfg = Debug|Win32
		{68175EB5-02ED-447E-9797-742604D58203}.Release|Win32.ActiveCfg = Release|Win32
		{68175EB5-02ED-447E-9797-742604D58203}.Release|Win32.Build.0 = Release|Win32
		{68175EB5-02ED-447E-9797-742604D58203}.Release|x64.ActiveCfg = Release|Win32
		{61CFBEBB-EBA6-45AB-906B-0DB077D9DACB}.Debug|Win32.ActiveCfg = Debug|Win32
		{61CFBEBB-EBA6-45AB-906B-0DB077D9DACB}.Debug|Win32.Build.0 = Debug|Win32
		{61CFBEBB-EBA6-45AB-906B-0DB077D9DACB}.Debug|x64.ActiveCfg = Debug|Win32
		{61CFBEBB-EBA6-45AB-906B-0DB077D9DACB}.Release|Win32.ActiveCfg = Release|Win32
		{61CFBEBB-EBA6-45AB-906B-0DB077D9DACB}.Release|Win32.Build.0 = Release|Win32
		{61CFBEBB-EBA6-45AB-906B-0DB077D9DACB}.Release|x64.ActiveCfg = Release|Win32
		{F5C4AED3-7358-4EF7-B835-DE45155CF0A5}.Debug|Win32.ActiveCfg = Debug|Win32
		{F5C4AED3-7358-4EF7-B835-DE45155CF0A5}.Debug|Win32.Build.0 = Debug|Win32
		{F5C4AED3-7358-4EF7-B835-DE45155CF0A5}.Debug|x64.ActiveCfg = Debug|Win32
		{F5C4AED3-7358-4EF7-B835-DE45155CF0A5}.Release|Win32.ActiveCfg = Release|Win32
		{F5C4AED3-7358-4EF7-B835-DE45155CF0A5}.Release|Win32.Build.0 = Release|Win32
		{F5C4AED3-7358-4EF7-B835-DE45155CF0A5}.Release|x64.ActiveCfg = Release|Win32
		{F5779383-BEF3-40A5-AC50-C1BAE9E93226}.Debug|Win32.ActiveCfg = Debug|Win32
		{F5779383-BEF3-40A5-AC50-C1BAE9E93226}.Debug|Win32.Build.0 = Debug|Win32
		{F5779383-BEF3-40A5-AC50-C1BAE9E93226}.Debug|x64.ActiveCfg = Debug|Win32
		{F5779383-BEF3-40A5-AC50-C1BAE9E93226}.Release|Win32.ActiveCfg = Release|Win32
		{F5779383-BEF3-40A5-AC50-C1BAE9E93226}.Release|Win32.Build.0 = Release|Win32
		{F5779383-BEF3-40A5-AC50-C1BAE9E93226}.Release|x64.ActiveCfg = Release|Win32
		{5B37D937-D0F7-47BE-97F7-DEF2DBA4970A}.Debug|Win32.ActiveCfg = Debug|Win32
		{5B37D937-D0F7-47BE-97F7-DEF2DBA4970A}.Debug|Win32.Build.0 = Debug|Win32
		{5B37D937-D0F7-47BE-97F7-DEF2DBA4970A}.Debug|x64.ActiveCfg = Debug|Win32
		{5B37D937-D0F7-47BE-97F7-DEF2DBA4970A}.Release|Win32.ActiveCfg = Release|Win32
		{5B37D937-D0F7-47BE-97F7-DEF2DBA4970A}.Release|Win32.Build.0 = Release|Win32
		{5B37D937-D0F7-47BE-97F7-DEF2DBA4970A}.Release|x64.ActiveCfg = Release|Win32
	EndGlobalSection
	GlobalSection(SolutionProperties) = preSolution
		HideSolutionNode = FALSE
	EndGlobalSection
	GlobalSection(NestedProjects) = preSolution
		{D0B07058-A7FB-4BDF-9054-68BAA9BF7E03} = {DB809AFB-463D-4280-8561-A0B7D100F223}
		{F8F39DF5-7644-4A20-A826-399ED1E043DB} = {DB809AFB-463D-4280-8561-A0B7D100F223}
		{DAA1E880-4690-46C1-A9CB-C5C962F8C74C} = {DB809AFB-463D-4280-8561-A0B7D100F223}
		{D1CBBD98-E25E-4949-8EF8-1CFE0CECA45F} = {DB809AFB-463D-4280-8561-A0B7D100F223}
		{CB79C2AD-60D6-45FE-BA99-6038A2184197} = {9BB56BA4-68EF-4BEC-A87B-CF15B9E910C4}
		{77EA7307-3F93-4B26-90FC-C5528EC21CD4} = {B1135FCE-62A2-4C6A-9CA2-E08112E94141}
		{54254FF9-AE31-4207-B98F-FB49BFE857A6} = {DB809AFB-463D-4280-8561-A0B7D100F223}
		{4FE44D37-4F37-4B72-B120-4D8196FCA5A5} = {B1135FCE-62A2-4C6A-9CA2-E08112E94141}
		{FB4ED9EF-7403-41C3-B3C5-A721913267E3} = {285F99C7-DC2F-4369-B5E9-D5562C4DA6C4}
		{C8C9BC52-CBED-4F13-9ABF-277E92AA52FC} = {DB809AFB-463D-4280-8561-A0B7D100F223}
		{F52FE1AD-B5D1-4A8E-B9BA-D94966F5529D} = {DB809AFB-463D-4280-8561-A0B7D100F223}
		{CE64A7A9-F675-4AA2-8B10-CEAC62758678} = {DB809AFB-463D-4280-8561-A0B7D100F223}
		{A3801DBD-60EE-4CCE-814C-144886825F67} = {DB809AFB-463D-4280-8561-A0B7D100F223}
		{07F3C3DD-2216-4C05-A43E-F2600EC27098} = {DB809AFB-463D-4280-8561-A0B7D100F223}
		{DBC08D35-5928-49F1-B212-8C1F2688CBA3} = {DB809AFB-463D-4280-8561-A0B7D100F223}
		{83311FA4-5BB5-422A-A5B3-4D6B82884E8F} = {DB809AFB-463D-4280-8561-A0B7D100F223}
		{5BC6F73D-84AC-46F5-B842-E0EE42B0E402} = {B1135FCE-62A2-4C6A-9CA2-E08112E94141}
		{B4E34672-A991-4256-848D-DBA984E231A5} = {B1135FCE-62A2-4C6A-9CA2-E08112E94141}
		{68175EB5-02ED-447E-9797-742604D58203} = {B1135FCE-62A2-4C6A-9CA2-E08112E94141}
		{61CFBEBB-EBA6-45AB-906B-0DB077D9DACB} = {285F99C7-DC2F-4369-B5E9-D5562C4DA6C4}
		{F5C4AED3-7358-4EF7-B835-DE45155CF0A5} = {285F99C7-DC2F-4369-B5E9-D5562C4DA6C4}
		{F5779383-BEF3-40A5-AC50-C1BAE9E93226} = {285F99C7-DC2F-4369-B5E9-D5562C4DA6C4}
		{5B37D937-D0F7-47BE-97F7-DEF2DBA4970A} = {9BB56BA4-68EF-4BEC-A87B-CF15B9E910C4}
	EndGlobalSection
EndGlobal
