<?xml version="1.0" encoding="utf-8"?>
<Project ToolsVersion="4.0" xmlns="http://schemas.microsoft.com/developer/msbuild/2003">
  <ItemGroup>
    <Filter Include="Source Files">
      <UniqueIdentifier>{4FC737F1-C7A5-4376-A066-2A32D752A2FF}</UniqueIdentifier>
      <Extensions>cpp;c;cc;cxx;def;odl;idl;hpj;bat;asm;asmx</Extensions>
    </Filter>
    <Filter Include="Header Files">
      <UniqueIdentifier>{93995380-89BD-4b04-88EB-625FBE52EBFB}</UniqueIdentifier>
      <Extensions>h;hpp;hxx;hm;inl;inc;xsd</Extensions>
    </Filter>
    <Filter Include="Resource Files">
      <UniqueIdentifier>{67DA6AB6-F800-4c08-8B7A-83BB121AAD01}</UniqueIdentifier>
      <Extensions>rc;ico;cur;bmp;dlg;rc2;rct;bin;rgs;gif;jpg;jpeg;jpe;resx;tiff;tif;png;wav</Extensions>
    </Filter>
  </ItemGroup>
  <ItemGroup>
    <ClCompile Include="ActionMessage.cpp">
      <Filter>Source Files</Filter>
    </ClCompile>
    <ClCompile Include="ActionRegistry.cpp">
      <Filter>Source Files</Filter>
    </ClCompile>
    <ClCompile Include="AddRemoveObjectMessage.cpp">
      <Filter>Source Files</Filter>
    </ClCompile>
    <ClCompile Include="CommandTranslator.cpp">
      <Filter>Source Files</Filter>
    </ClCompile>
    <ClCompile Include="Common.cpp">
      <Filter>Source Files</Filter>
    </ClCompile>
    <ClCompile Include="CrashReporter.cpp">
      <Filter>Source Files</Filter>
    </ClCompile>
    <ClCompile Include="MetricsManager.cpp">
      <Filter>Source Files</Filter>
    </ClCompile>
    <ClCompile Include="Mobile.cpp">
      <Filter>Source Files</Filter>
    </ClCompile>
    <ClCompile Include="MobileDisplayInfo.cpp">
      <Filter>Source Files</Filter>
    </ClCompile>
    <ClCompile Include="MovementInfo.cpp">
      <Filter>Source Files</Filter>
    </ClCompile>
    <ClCompile Include="Object.cpp">
      <Filter>Source Files</Filter>
    </ClCompile>
    <ClCompile Include="ScatteredPointInterpolator.cpp">
      <Filter>Source Files</Filter>
    </ClCompile>
    <ClCompile Include="Session.cpp">
      <Filter>Source Files</Filter>
    </ClCompile>
    <ClCompile Include="SessionInitMessage.cpp">
      <Filter>Source Files</Filter>
    </ClCompile>
    <ClCompile Include="stdafx.cpp">
      <Filter>Source Files</Filter>
    </ClCompile>
    <ClCompile Include="TimeBase.cpp">
      <Filter>Source Files</Filter>
    </ClCompile>
    <ClCompile Include="UpdateObjectMovementMessage.cpp">
      <Filter>Source Files</Filter>
    </ClCompile>
  </ItemGroup>
  <ItemGroup>
    <ClInclude Include="Account.hpp">
      <Filter>Header Files</Filter>
    </ClInclude>
    <ClInclude Include="Action.hpp">
      <Filter>Header Files</Filter>
    </ClInclude>
    <ClInclude Include="ActionMessage.hpp">
      <Filter>Header Files</Filter>
    </ClInclude>
    <ClInclude Include="ActionRegistry.hpp">
      <Filter>Header Files</Filter>
    </ClInclude>
    <ClInclude Include="AddRemoveObjectMessage.hpp">
      <Filter>Header Files</Filter>
    </ClInclude>
    <ClInclude Include="AsyncActionQueue.hpp">
      <Filter>Header Files</Filter>
    </ClInclude>
    <ClInclude Include="AuthException.hpp">
      <Filter>Header Files</Filter>
    </ClInclude>
    <ClInclude Include="AuthInfo.hpp">
      <Filter>Header Files</Filter>
    </ClInclude>
    <ClInclude Include="Command.hpp">
      <Filter>Header Files</Filter>
    </ClInclude>
    <ClInclude Include="CommandMessage.hpp">
      <Filter>Header Files</Filter>
    </ClInclude>
    <ClInclude Include="CommandTranslator.hpp">
      <Filter>Header Files</Filter>
    </ClInclude>
    <ClInclude Include="Common.hpp">
      <Filter>Header Files</Filter>
    </ClInclude>
    <ClInclude Include="CommonDefines.hpp">
      <Filter>Header Files</Filter>
    </ClInclude>
    <ClInclude Include="Controller.hpp">
      <Filter>Header Files</Filter>
    </ClInclude>
    <ClInclude Include="ControllerProxy.hpp">
      <Filter>Header Files</Filter>
    </ClInclude>
    <ClInclude Include="CrashReporter.hpp">
      <Filter>Header Files</Filter>
    </ClInclude>
    <ClInclude Include="IActionQueue.hpp">
      <Filter>Header Files</Filter>
    </ClInclude>
    <ClInclude Include="IAuthManager.hpp">
      <Filter>Header Files</Filter>
    </ClInclude>
    <ClInclude Include="IClientAuthModule.hpp">
      <Filter>Header Files</Filter>
    </ClInclude>
    <ClInclude Include="IController.hpp">
      <Filter>Header Files</Filter>
    </ClInclude>
    <ClInclude Include="IEncryptModule.hpp">
      <Filter>Header Files</Filter>
    </ClInclude>
    <ClInclude Include="IModel.hpp">
      <Filter>Header Files</Filter>
    </ClInclude>
    <ClInclude Include="IServerAuthModule.hpp">
      <Filter>Header Files</Filter>
    </ClInclude>
    <ClInclude Include="ISession.hpp">
      <Filter>Header Files</Filter>
    </ClInclude>
    <ClInclude Include="LogCategories.hpp">
      <Filter>Header Files</Filter>
    </ClInclude>
    <ClInclude Include="LogoutMessage.hpp">
      <Filter>Header Files</Filter>
    </ClInclude>
    <ClInclude Include="Message.hpp">
      <Filter>Header Files</Filter>
    </ClInclude>
    <ClInclude Include="MetricsManager.hpp">
      <Filter>Header Files</Filter>
    </ClInclude>
    <ClInclude Include="Mobile.hpp">
      <Filter>Header Files</Filter>
    </ClInclude>
    <ClInclude Include="MobileActions.hpp">
      <Filter>Header Files</Filter>
    </ClInclude>
    <ClInclude Include="MobileDisplayInfo.hpp">
      <Filter>Header Files</Filter>
    </ClInclude>
    <ClInclude Include="MovementInfo.hpp">
      <Filter>Header Files</Filter>
    </ClInclude>
    <ClInclude Include="MovePlayerMessage.hpp">
      <Filter>Header Files</Filter>
    </ClInclude>
    <ClInclude Include="MultiplayerOnlineGame.hpp">
      <Filter>Header Files</Filter>
    </ClInclude>
    <ClInclude Include="Object.hpp">
      <Filter>Header Files</Filter>
    </ClInclude>
    <ClInclude Include="ObjectMap.hpp">
      <Filter>Header Files</Filter>
    </ClInclude>
    <ClInclude Include="PingMessages.hpp">
      <Filter>Header Files</Filter>
    </ClInclude>
    <ClInclude Include="Player.hpp">
      <Filter>Header Files</Filter>
    </ClInclude>
    <ClInclude Include="RawMessage.hpp">
      <Filter>Header Files</Filter>
    </ClInclude>
    <ClInclude Include="RC4EncryptModule.hpp">
      <Filter>Header Files</Filter>
    </ClInclude>
    <ClInclude Include="ScatteredPointInterpolator.hpp">
      <Filter>Header Files</Filter>
    </ClInclude>
    <ClInclude Include="Session.hpp">
      <Filter>Header Files</Filter>
    </ClInclude>
    <ClInclude Include="SessionInitMessage.hpp">
      <Filter>Header Files</Filter>
    </ClInclude>
    <ClInclude Include="SharedBuffer.hpp">
      <Filter>Header Files</Filter>
    </ClInclude>
    <ClInclude Include="SRPAuthMessages.hpp">
      <Filter>Header Files</Filter>
    </ClInclude>
    <ClInclude Include="stdafx.h">
      <Filter>Header Files</Filter>
    </ClInclude>
    <ClInclude Include="TextMessage.hpp">
      <Filter>Header Files</Filter>
    </ClInclude>
    <ClInclude Include="TimeBase.hpp">
      <Filter>Header Files</Filter>
    </ClInclude>
    <ClInclude Include="UpdateObjectMovementMessage.hpp">
      <Filter>Header Files</Filter>
    </ClInclude>
    <ClInclude Include="ZoneInfo.hpp">
      <Filter>Header Files</Filter>
    </ClInclude>
  </ItemGroup>
  <ItemGroup>
    <ResourceCompile Include="versioninfo.rc">
      <Filter>Resource Files</Filter>
    </ResourceCompile>
  </ItemGroup>
</Project>