<?xml version="1.0" encoding="utf-8"?>
<Project ToolsVersion="4.0" xmlns="http://schemas.microsoft.com/developer/msbuild/2003">
  <ItemGroup>
    <Filter Include="Source Files">
      <UniqueIdentifier>{4FC737F1-C7A5-4376-A066-2A32D752A2FF}</UniqueIdentifier>
      <Extensions>cpp;c;cc;cxx;def;odl;idl;hpj;bat;asm;asmx</Extensions>
    </Filter>
    <Filter Include="Header Files">
      <UniqueIdentifier>{93995380-89BD-4b04-88EB-625FBE52EBFB}</UniqueIdentifier>
      <Extensions>h;hpp;hxx;hm;inl;inc;xsd</Extensions>
    </Filter>
    <Filter Include="Resource Files">
      <UniqueIdentifier>{67DA6AB6-F800-4c08-8B7A-83BB121AAD01}</UniqueIdentifier>
      <Extensions>rc;ico;cur;bmp;dlg;rc2;rct;bin;rgs;gif;jpg;jpeg;jpe;resx;tiff;tif;png;wav</Extensions>
    </Filter>
  </ItemGroup>
  <ItemGroup>
    <ClCompile Include="AsioHelper.cpp">
      <Filter>Source Files</Filter>
    </ClCompile>
    <ClCompile Include="AstronomyMath.cpp">
      <Filter>Source Files</Filter>
    </ClCompile>
    <ClCompile Include="BaseFileSystem.cpp">
      <Filter>Source Files</Filter>
    </ClCompile>
    <ClCompile Include="Filesystem.cpp">
      <Filter>Source Files</Filter>
    </ClCompile>
    <ClCompile Include="HashedData.cpp">
      <Filter>Source Files</Filter>
    </ClCompile>
    <ClCompile Include="HighResolutionTimer.cpp">
      <Filter>Source Files</Filter>
    </ClCompile>
    <ClCompile Include="Path.cpp">
      <Filter>Source Files</Filter>
    </ClCompile>
    <ClCompile Include="Plane3d.cpp">
      <Filter>Source Files</Filter>
    </ClCompile>
    <ClCompile Include="Quaternion4d.cpp">
      <Filter>Source Files</Filter>
    </ClCompile>
    <ClCompile Include="sha2.c">
      <Filter>Source Files</Filter>
    </ClCompile>
    <ClCompile Include="stdafx.cpp">
      <Filter>Source Files</Filter>
    </ClCompile>
    <ClCompile Include="StringTools.cpp">
      <Filter>Source Files</Filter>
    </ClCompile>
    <ClCompile Include="SystemInfo.cpp">
      <Filter>Source Files</Filter>
    </ClCompile>
    <ClCompile Include="Uuid.cpp">
      <Filter>Source Files</Filter>
    </ClCompile>
    <ClCompile Include="VirtualFileSystem.cpp">
      <Filter>Source Files</Filter>
    </ClCompile>
    <ClCompile Include="ZipArchive.cpp">
      <Filter>Source Files</Filter>
    </ClCompile>
    <ClCompile Include="ZipArchiveFile.cpp">
      <Filter>Source Files</Filter>
    </ClCompile>
    <ClCompile Include="ZlibDecompressor.cpp">
      <Filter>Source Files</Filter>
    </ClCompile>
    <ClCompile Include="TaskManager.cpp">
      <Filter>Source Files</Filter>
    </ClCompile>
  </ItemGroup>
  <ItemGroup>
    <ClInclude Include="AABox.hpp">
      <Filter>Header Files</Filter>
    </ClInclude>
    <ClInclude Include="ArrayMapper2D.hpp">
      <Filter>Header Files</Filter>
    </ClInclude>
    <ClInclude Include="Asio.hpp">
      <Filter>Header Files</Filter>
    </ClInclude>
    <ClInclude Include="AsioHelper.hpp">
      <Filter>Header Files</Filter>
    </ClInclude>
    <ClInclude Include="AstronomyMath.hpp">
      <Filter>Header Files</Filter>
    </ClInclude>
    <ClInclude Include="Base.hpp">
      <Filter>Header Files</Filter>
    </ClInclude>
    <ClInclude Include="BaseFileSystem.hpp">
      <Filter>Header Files</Filter>
    </ClInclude>
    <ClInclude Include="ByteStream.hpp">
      <Filter>Header Files</Filter>
    </ClInclude>
    <ClInclude Include="Color.hpp">
      <Filter>Header Files</Filter>
    </ClInclude>
    <ClInclude Include="ColorGradient.hpp">
      <Filter>Header Files</Filter>
    </ClInclude>
    <ClInclude Include="FileFinder.hpp">
      <Filter>Header Files</Filter>
    </ClInclude>
    <ClInclude Include="Filesystem.hpp">
      <Filter>Header Files</Filter>
    </ClInclude>
    <ClInclude Include="HashedData.hpp">
      <Filter>Header Files</Filter>
    </ClInclude>
    <ClInclude Include="HighResolutionTimer.hpp">
      <Filter>Header Files</Filter>
    </ClInclude>
    <ClInclude Include="IFileSystem.hpp">
      <Filter>Header Files</Filter>
    </ClInclude>
    <ClInclude Include="InstanceManager.hpp">
      <Filter>Header Files</Filter>
    </ClInclude>
    <ClInclude Include="IoServiceThread.hpp">
      <Filter>Header Files</Filter>
    </ClInclude>
    <ClInclude Include="Lockable.hpp">
      <Filter>Header Files</Filter>
    </ClInclude>
    <ClInclude Include="Math.hpp">
      <Filter>Header Files</Filter>
    </ClInclude>
    <ClInclude Include="Matrix4d.hpp">
      <Filter>Header Files</Filter>
    </ClInclude>
    <ClInclude Include="Path.hpp">
      <Filter>Header Files</Filter>
    </ClInclude>
    <ClInclude Include="Plane3d.hpp">
      <Filter>Header Files</Filter>
    </ClInclude>
    <ClInclude Include="Quaternion4d.hpp">
      <Filter>Header Files</Filter>
    </ClInclude>
    <ClInclude Include="RC4Encoder.hpp">
      <Filter>Header Files</Filter>
    </ClInclude>
    <ClInclude Include="SafeFlag.hpp">
      <Filter>Header Files</Filter>
    </ClInclude>
    <ClInclude Include="sha2.h">
      <Filter>Header Files</Filter>
    </ClInclude>
    <ClInclude Include="Singleton.hpp">
      <Filter>Header Files</Filter>
    </ClInclude>
    <ClInclude Include="stdafx.h">
      <Filter>Header Files</Filter>
    </ClInclude>
    <ClInclude Include="StringTools.hpp">
      <Filter>Header Files</Filter>
    </ClInclude>
    <ClInclude Include="SystemInfo.hpp">
      <Filter>Header Files</Filter>
    </ClInclude>
    <ClInclude Include="targetver.h">
      <Filter>Header Files</Filter>
    </ClInclude>
    <ClInclude Include="ThreadPool.hpp">
      <Filter>Header Files</Filter>
    </ClInclude>
    <ClInclude Include="TimedEffect.hpp">
      <Filter>Header Files</Filter>
    </ClInclude>
    <ClInclude Include="Timer.hpp">
      <Filter>Header Files</Filter>
    </ClInclude>
    <ClInclude Include="TraceOutputStopwatch.hpp">
      <Filter>Header Files</Filter>
    </ClInclude>
    <ClInclude Include="Uuid.hpp">
      <Filter>Header Files</Filter>
    </ClInclude>
    <ClInclude Include="Vector2d.hpp">
      <Filter>Header Files</Filter>
    </ClInclude>
    <ClInclude Include="Vector3d.hpp">
      <Filter>Header Files</Filter>
    </ClInclude>
    <ClInclude Include="..\version.h">
      <Filter>Header Files</Filter>
    </ClInclude>
    <ClInclude Include="VirtualFileSystem.hpp">
      <Filter>Header Files</Filter>
    </ClInclude>
    <ClInclude Include="ZigzagSquareIterator.hpp">
      <Filter>Header Files</Filter>
    </ClInclude>
    <ClInclude Include="ZipArchive.hpp">
      <Filter>Header Files</Filter>
    </ClInclude>
    <ClInclude Include="ZipArchiveFile.hpp">
      <Filter>Header Files</Filter>
    </ClInclude>
    <ClInclude Include="ZlibDecompressor.hpp">
      <Filter>Header Files</Filter>
    </ClInclude>
    <ClInclude Include="TaskManager.hpp">
      <Filter>Header Files</Filter>
    </ClInclude>
    <ClInclude Include="TaskGroup.hpp">
      <Filter>Header Files</Filter>
    </ClInclude>
  </ItemGroup>
  <ItemGroup>
    <ResourceCompile Include="versioninfo.rc">
      <Filter>Resource Files</Filter>
    </ResourceCompile>
  </ItemGroup>
</Project>