<?xml version="1.0" encoding="utf-8"?>
<Project ToolsVersion="4.0" xmlns="http://schemas.microsoft.com/developer/msbuild/2003">
  <ItemGroup>
    <Filter Include="Header Files">
      <UniqueIdentifier>{b4c9e601-878c-4af1-a93f-fe022cd98e00}</UniqueIdentifier>
    </Filter>
    <Filter Include="Header Files\log">
      <UniqueIdentifier>{442da65c-addb-4fc2-9e12-9d0ad6f8fb3b}</UniqueIdentifier>
    </Filter>
    <Filter Include="Source Files">
      <UniqueIdentifier>{5e974ef5-e1ce-4756-a64a-5590845ce818}</UniqueIdentifier>
    </Filter>
    <Filter Include="Header Files\stream">
      <UniqueIdentifier>{3c1e0a74-ba2c-460e-a29c-74c917d80b0e}</UniqueIdentifier>
    </Filter>
    <Filter Include="Source Files\stream">
      <UniqueIdentifier>{808b8588-424b-42a1-9cce-1e800635e9ff}</UniqueIdentifier>
    </Filter>
    <Filter Include="Header Files\config">
      <UniqueIdentifier>{1dc26ac6-7c9a-44fc-8e2e-3cc1917e6545}</UniqueIdentifier>
    </Filter>
    <Filter Include="Header Files\win32">
      <UniqueIdentifier>{73406447-f484-4197-a005-734c6d818ad7}</UniqueIdentifier>
    </Filter>
  </ItemGroup>
  <ItemGroup>
    <ClInclude Include="..\ulib\config\Atl.hpp">
      <Filter>Header Files\config</Filter>
    </ClInclude>
    <ClInclude Include="..\ulib\config\AutoLink.hpp">
      <Filter>Header Files\config</Filter>
    </ClInclude>
    <ClInclude Include="..\ulib\config\Common.hpp">
      <Filter>Header Files\config</Filter>
    </ClInclude>
    <ClInclude Include="..\ulib\config\CompileTimeWarningError.hpp">
      <Filter>Header Files\config</Filter>
    </ClInclude>
    <ClInclude Include="..\ulib\config\Wtl.hpp">
      <Filter>Header Files\config</Filter>
    </ClInclude>
    <ClInclude Include="..\ulib\log\Appender.hpp">
      <Filter>Header Files\log</Filter>
    </ClInclude>
    <ClInclude Include="..\ulib\log\LoggingEvent.hpp">
      <Filter>Header Files\log</Filter>
    </ClInclude>
    <ClInclude Include="..\ulib\log\Layout.hpp">
      <Filter>Header Files\log</Filter>
    </ClInclude>
    <ClInclude Include="..\ulib\log\Log.hpp">
      <Filter>Header Files\log</Filter>
    </ClInclude>
    <ClInclude Include="..\ulib\log\Logger.hpp">
      <Filter>Header Files\log</Filter>
    </ClInclude>
    <ClInclude Include="..\ulib\stream\IStream.hpp">
      <Filter>Header Files\stream</Filter>
    </ClInclude>
    <ClInclude Include="..\ulib\stream\StreamException.hpp">
      <Filter>Header Files\stream</Filter>
    </ClInclude>
    <ClInclude Include="..\ulib\stream\FileStream.hpp">
      <Filter>Header Files\stream</Filter>
    </ClInclude>
    <ClInclude Include="..\ulib\stream\ITextStream.hpp">
      <Filter>Header Files\stream</Filter>
    </ClInclude>
    <ClInclude Include="..\ulib\stream\TextStreamFilter.hpp">
      <Filter>Header Files\stream</Filter>
    </ClInclude>
    <ClInclude Include="..\ulib\log\TextStreamAppender.hpp">
      <Filter>Header Files\log</Filter>
    </ClInclude>
    <ClInclude Include="..\ulib\win32\DocHostUI.hpp">
      <Filter>Header Files\win32</Filter>
    </ClInclude>
    <ClInclude Include="..\ulib\stream\EndianAwareFilter.hpp">
      <Filter>Header Files\stream</Filter>
    </ClInclude>
    <ClInclude Include="..\ulib\stream\MemoryStream.hpp">
      <Filter>Header Files\stream</Filter>
    </ClInclude>
    <ClInclude Include="..\ulib\stream\TextFileStream.hpp">
      <Filter>Header Files\stream</Filter>
    </ClInclude>
    <ClInclude Include="..\ulib\CommandLineParser.hpp">
      <Filter>Header Files</Filter>
    </ClInclude>
    <ClInclude Include="..\ulib\DateTime.hpp">
      <Filter>Header Files</Filter>
    </ClInclude>
    <ClInclude Include="..\ulib\ErrorMessage.hpp">
      <Filter>Header Files</Filter>
    </ClInclude>
    <ClInclude Include="..\ulib\Event.hpp">
      <Filter>Header Files</Filter>
    </ClInclude>
    <ClInclude Include="..\ulib\Exception.hpp">
      <Filter>Header Files</Filter>
    </ClInclude>
    <ClInclude Include="..\ulib\Mutex.hpp">
      <Filter>Header Files</Filter>
    </ClInclude>
    <ClInclude Include="..\ulib\Observer.hpp">
      <Filter>Header Files</Filter>
    </ClInclude>
    <ClInclude Include="..\ulib\ProgramOptions.hpp">
      <Filter>Header Files</Filter>
    </ClInclude>
    <ClInclude Include="..\ulib\ReaderWriterMutex.hpp">
      <Filter>Header Files</Filter>
    </ClInclude>
    <ClInclude Include="RecursiveMutex.hpp">
      <Filter>Header Files</Filter>
    </ClInclude>
    <ClInclude Include="CriticalSection.hpp">
      <Filter>Header Files</Filter>
    </ClInclude>
    <ClInclude Include="LightweightMutex.hpp">
      <Filter>Header Files</Filter>
    </ClInclude>
    <ClInclude Include="MutexLock.hpp">
      <Filter>Header Files</Filter>
    </ClInclude>
    <ClInclude Include="SystemException.hpp">
      <Filter>Header Files</Filter>
    </ClInclude>
    <ClInclude Include="stdafx.h">
      <Filter>Header Files</Filter>
    </ClInclude>
    <ClInclude Include="ISO8601Parser.hpp">
      <Filter>Header Files</Filter>
    </ClInclude>
    <ClInclude Include="Thread.hpp">
      <Filter>Header Files</Filter>
    </ClInclude>
    <ClInclude Include="config\Android.hpp">
      <Filter>Header Files\config</Filter>
    </ClInclude>
  </ItemGroup>
  <ItemGroup>
    <ClCompile Include="stream\TextStreamFilter.cpp">
      <Filter>Source Files\stream</Filter>
    </ClCompile>
    <ClCompile Include="stream\AndroidFileStream.cpp">
      <Filter>Source Files\stream</Filter>
    </ClCompile>
  </ItemGroup>
</Project>