<?xml version="1.0" encoding="utf-8"?>
<Project ToolsVersion="4.0" xmlns="http://schemas.microsoft.com/developer/msbuild/2003">
  <ItemGroup>
    <Filter Include="Source Files">
      <UniqueIdentifier>{4FC737F1-C7A5-4376-A066-2A32D752A2FF}</UniqueIdentifier>
      <Extensions>cpp;c;cc;cxx;def;odl;idl;hpj;bat;asm;asmx</Extensions>
    </Filter>
    <Filter Include="Header Files">
      <UniqueIdentifier>{93995380-89BD-4b04-88EB-625FBE52EBFB}</UniqueIdentifier>
      <Extensions>h;hpp;hxx;hm;inl;inc;xsd</Extensions>
    </Filter>
    <Filter Include="Resource Files">
      <UniqueIdentifier>{67DA6AB6-F800-4c08-8B7A-83BB121AAD01}</UniqueIdentifier>
      <Extensions>rc;ico;cur;bmp;dlg;rc2;rct;bin;rgs;gif;jpg;jpeg;jpe;resx;tiff;tif;png;wav</Extensions>
    </Filter>
  </ItemGroup>
  <ItemGroup>
    <ClCompile Include="stdafx.cpp">
      <Filter>Source Files</Filter>
    </ClCompile>
    <ClCompile Include="Session.cpp">
      <Filter>Source Files</Filter>
    </ClCompile>
    <ClCompile Include="SessionInitMessage.cpp">
      <Filter>Source Files</Filter>
    </ClCompile>
    <ClCompile Include="UpdateObjectMovementMessage.cpp">
      <Filter>Source Files</Filter>
    </ClCompile>
    <ClCompile Include="ActionMessage.cpp">
      <Filter>Source Files</Filter>
    </ClCompile>
    <ClCompile Include="AddRemoveObjectMessage.cpp">
      <Filter>Source Files</Filter>
    </ClCompile>
    <ClCompile Include="SRPClientAuthModule.cpp">
      <Filter>Source Files</Filter>
    </ClCompile>
    <ClCompile Include="SRPServerAuthModule.cpp">
      <Filter>Source Files</Filter>
    </ClCompile>
    <ClCompile Include="AuthClientSession.cpp">
      <Filter>Source Files</Filter>
    </ClCompile>
    <ClCompile Include="ClientSession.cpp">
      <Filter>Source Files</Filter>
    </ClCompile>
    <ClCompile Include="AuthServerSession.cpp">
      <Filter>Source Files</Filter>
    </ClCompile>
    <ClCompile Include="ServerSession.cpp">
      <Filter>Source Files</Filter>
    </ClCompile>
    <ClCompile Include="SocketListener.cpp">
      <Filter>Source Files</Filter>
    </ClCompile>
    <ClCompile Include="ClientController.cpp">
      <Filter>Source Files</Filter>
    </ClCompile>
    <ClCompile Include="LocalController.cpp">
      <Filter>Source Files</Filter>
    </ClCompile>
    <ClCompile Include="LocalModel.cpp">
      <Filter>Source Files</Filter>
    </ClCompile>
    <ClCompile Include="ServerController.cpp">
      <Filter>Source Files</Filter>
    </ClCompile>
    <ClCompile Include="ServerModel.cpp">
      <Filter>Source Files</Filter>
    </ClCompile>
    <ClCompile Include="ClientModel.cpp">
      <Filter>Source Files</Filter>
    </ClCompile>
  </ItemGroup>
  <ItemGroup>
    <ClInclude Include="stdafx.h">
      <Filter>Header Files</Filter>
    </ClInclude>
    <ClInclude Include="IClientAuthModule.hpp">
      <Filter>Header Files</Filter>
    </ClInclude>
    <ClInclude Include="IEncryptModule.hpp">
      <Filter>Header Files</Filter>
    </ClInclude>
    <ClInclude Include="IServerAuthModule.hpp">
      <Filter>Header Files</Filter>
    </ClInclude>
    <ClInclude Include="LogoutMessage.hpp">
      <Filter>Header Files</Filter>
    </ClInclude>
    <ClInclude Include="Message.hpp">
      <Filter>Header Files</Filter>
    </ClInclude>
    <ClInclude Include="MovePlayerMessage.hpp">
      <Filter>Header Files</Filter>
    </ClInclude>
    <ClInclude Include="PingMessages.hpp">
      <Filter>Header Files</Filter>
    </ClInclude>
    <ClInclude Include="RawMessage.hpp">
      <Filter>Header Files</Filter>
    </ClInclude>
    <ClInclude Include="RC4EncryptModule.hpp">
      <Filter>Header Files</Filter>
    </ClInclude>
    <ClInclude Include="Session.hpp">
      <Filter>Header Files</Filter>
    </ClInclude>
    <ClInclude Include="SessionInitMessage.hpp">
      <Filter>Header Files</Filter>
    </ClInclude>
    <ClInclude Include="SharedBuffer.hpp">
      <Filter>Header Files</Filter>
    </ClInclude>
    <ClInclude Include="SRPAuthMessages.hpp">
      <Filter>Header Files</Filter>
    </ClInclude>
    <ClInclude Include="TextMessage.hpp">
      <Filter>Header Files</Filter>
    </ClInclude>
    <ClInclude Include="UpdateObjectMovementMessage.hpp">
      <Filter>Header Files</Filter>
    </ClInclude>
    <ClInclude Include="ActionMessage.hpp">
      <Filter>Header Files</Filter>
    </ClInclude>
    <ClInclude Include="AddRemoveObjectMessage.hpp">
      <Filter>Header Files</Filter>
    </ClInclude>
    <ClInclude Include="AuthException.hpp">
      <Filter>Header Files</Filter>
    </ClInclude>
    <ClInclude Include="CommandMessage.hpp">
      <Filter>Header Files</Filter>
    </ClInclude>
    <ClInclude Include="IAuthManager.hpp">
      <Filter>Header Files</Filter>
    </ClInclude>
    <ClInclude Include="SRPClientAuthModule.hpp">
      <Filter>Header Files</Filter>
    </ClInclude>
    <ClInclude Include="SRPServerAuthModule.hpp">
      <Filter>Header Files</Filter>
    </ClInclude>
    <ClInclude Include="ISession.hpp">
      <Filter>Header Files</Filter>
    </ClInclude>
    <ClInclude Include="AuthClientSession.hpp">
      <Filter>Header Files</Filter>
    </ClInclude>
    <ClInclude Include="ClientSession.hpp">
      <Filter>Header Files</Filter>
    </ClInclude>
    <ClInclude Include="AuthServerSession.hpp">
      <Filter>Header Files</Filter>
    </ClInclude>
    <ClInclude Include="ServerSession.hpp">
      <Filter>Header Files</Filter>
    </ClInclude>
    <ClInclude Include="SocketListener.hpp">
      <Filter>Header Files</Filter>
    </ClInclude>
    <ClInclude Include="ISessionManager.hpp">
      <Filter>Header Files</Filter>
    </ClInclude>
    <ClInclude Include="ClientController.hpp">
      <Filter>Header Files</Filter>
    </ClInclude>
    <ClInclude Include="ClientModel.hpp">
      <Filter>Header Files</Filter>
    </ClInclude>
    <ClInclude Include="LocalController.hpp">
      <Filter>Header Files</Filter>
    </ClInclude>
    <ClInclude Include="LocalModel.hpp">
      <Filter>Header Files</Filter>
    </ClInclude>
    <ClInclude Include="ServerController.hpp">
      <Filter>Header Files</Filter>
    </ClInclude>
    <ClInclude Include="ServerModel.hpp">
      <Filter>Header Files</Filter>
    </ClInclude>
    <ClInclude Include="IMessageSink.hpp">
      <Filter>Header Files</Filter>
    </ClInclude>
  </ItemGroup>
  <ItemGroup>
    <ResourceCompile Include="versioninfo.rc">
      <Filter>Resource Files</Filter>
    </ResourceCompile>
  </ItemGroup>
</Project>